
Microsoft Visual Studio Solution File, Format Version 12.00
# Visual Studio Version 16
VisualStudioVersion = 16.0.29006.145
MinimumVisualStudioVersion = 15.0.26124.0
Project("{2150E333-8FDC-42A3-9474-1A3956D46DE8}") = "src", "src", "{8FFDF555-DB50-45F9-9A2D-6410F39151C3}"
	ProjectSection(SolutionItems) = preProject
		src\Directory.Build.props = src\Directory.Build.props
		src\Directory.Build.targets = src\Directory.Build.targets
	EndProjectSection
EndProject
Project("{2150E333-8FDC-42A3-9474-1A3956D46DE8}") = "test", "test", "{DF33E0FB-9790-4654-B60F-8AB22E0CC3D1}"
	ProjectSection(SolutionItems) = preProject
		test\Directory.Build.props = test\Directory.Build.props
		test\Directory.Build.targets = test\Directory.Build.targets
	EndProjectSection
EndProject
Project("{FAE04EC0-301F-11D3-BF4B-00C04F79EFBC}") = ".build", ".build\.build.csproj", "{166F1873-4CAE-4F54-88B6-5FE79678846B}"
EndProject
Project("{2150E333-8FDC-42A3-9474-1A3956D46DE8}") = "sample", "sample", "{5D11C19B-E8E4-4CE3-9C8A-1D368578EBCB}"
	ProjectSection(SolutionItems) = preProject
		sample\Directory.Packages.props = sample\Directory.Packages.props
		sample\Directory.Build.props = sample\Directory.Build.props
		sample\Directory.Build.targets = sample\Directory.Build.targets
	EndProjectSection
EndProject
Project("{FAE04EC0-301F-11D3-BF4B-00C04F79EFBC}") = "Sample.Command", "sample\Sample.Command\Sample.Command.csproj", "{9C03CA0E-4A3B-48F3-9DDD-DE1B325936A9}"
EndProject
Project("{FAE04EC0-301F-11D3-BF4B-00C04F79EFBC}") = "Sample.Pages", "sample\Sample.Pages\Sample.Pages.csproj", "{52273EAC-E0B8-4143-B37E-6E4FEB35DD67}"
EndProject
Project("{FAE04EC0-301F-11D3-BF4B-00C04F79EFBC}") = "Sample.Restful", "sample\Sample.Restful\Sample.Restful.csproj", "{DC125465-FC05-4A18-B275-36606B90A4FE}"
EndProject
Project("{FAE04EC0-301F-11D3-BF4B-00C04F79EFBC}") = "Sample.Worker", "sample\Sample.Worker\Sample.Worker.csproj", "{D395061D-AAAB-4B6A-BEC4-5B46F5FE70CD}"
EndProject
Project("{FAE04EC0-301F-11D3-BF4B-00C04F79EFBC}") = "Rocket.Surgery.LaunchPad.AspNetCore", "src\AspNetCore\Rocket.Surgery.LaunchPad.AspNetCore.csproj", "{822A83CB-0B19-4282-A724-F2F090850564}"
EndProject
Project("{FAE04EC0-301F-11D3-BF4B-00C04F79EFBC}") = "Rocket.Surgery.LaunchPad.AspNetCore.NewtonsoftJson", "src\AspNetCore.NewtonsoftJson\Rocket.Surgery.LaunchPad.AspNetCore.NewtonsoftJson.csproj", "{64B30E17-4CF5-421F-814C-DF4730B508BA}"
EndProject
Project("{FAE04EC0-301F-11D3-BF4B-00C04F79EFBC}") = "AspNetCore.Tests", "test\AspNetCore.Tests\AspNetCore.Tests.csproj", "{A8F0A232-3C70-4C9F-B35F-18B33D60D989}"
EndProject
Project("{FAE04EC0-301F-11D3-BF4B-00C04F79EFBC}") = "Extensions.Tests", "test\Extensions.Tests\Extensions.Tests.csproj", "{75C55F46-7422-4E00-B41B-0DB5593B4641}"
EndProject
Project("{2150E333-8FDC-42A3-9474-1A3956D46DE8}") = "build", "build", "{D65A8130-6A58-4693-A96C-8C1DFA3CA355}"
EndProject
Project("{FAE04EC0-301F-11D3-BF4B-00C04F79EFBC}") = "Rocket.Surgery.LaunchPad.Hosting", "src\Hosting\Rocket.Surgery.LaunchPad.Hosting.csproj", "{8BBD24E1-DE43-414A-A0F3-5B8CC125D97F}"
EndProject
Project("{FAE04EC0-301F-11D3-BF4B-00C04F79EFBC}") = "Sample.Core", "sample\Sample.Core\Sample.Core.csproj", "{FD33372B-4D2E-4F22-A866-6E01C2451FA4}"
EndProject
Project("{FAE04EC0-301F-11D3-BF4B-00C04F79EFBC}") = "Rocket.Surgery.LaunchPad.EntityFramework", "src\EntityFramework\Rocket.Surgery.LaunchPad.EntityFramework.csproj", "{2A39A833-558C-4054-8CEB-9293AEA38E18}"
EndProject
Project("{FAE04EC0-301F-11D3-BF4B-00C04F79EFBC}") = "Sample.Core.Tests", "test\Sample.Core.Tests\Sample.Core.Tests.csproj", "{27D44446-768E-42AC-B52A-4709F8A0647A}"
EndProject
Project("{FAE04EC0-301F-11D3-BF4B-00C04F79EFBC}") = "Sample.Restful.Tests", "test\Sample.Restful.Tests\Sample.Restful.Tests.csproj", "{364325D7-E7F0-4B7F-8F9F-75B1E0CF82CA}"
EndProject
Project("{FAE04EC0-301F-11D3-BF4B-00C04F79EFBC}") = "Rocket.Surgery.LaunchPad.AspNetCore.Testing", "src\AspNetCore.Testing\Rocket.Surgery.LaunchPad.AspNetCore.Testing.csproj", "{EB78F90B-A60F-4588-BEA8-DF709A142495}"
EndProject
Project("{FAE04EC0-301F-11D3-BF4B-00C04F79EFBC}") = "Rocket.Surgery.LaunchPad.Testing", "src\Testing\Rocket.Surgery.LaunchPad.Testing.csproj", "{84429E90-AD75-46FB-9AAF-DA1D96AA5B12}"
EndProject
Project("{FAE04EC0-301F-11D3-BF4B-00C04F79EFBC}") = "Rocket.Surgery.LaunchPad.AspNetCore.AppMetrics", "src\AspNetCore.AppMetrics\Rocket.Surgery.LaunchPad.AspNetCore.AppMetrics.csproj", "{CCAE1CB9-CF4C-4D8C-8795-3E2C6054AC9B}"
EndProject
Project("{FAE04EC0-301F-11D3-BF4B-00C04F79EFBC}") = "Rocket.Surgery.LaunchPad.AppMetrics", "src\AppMetrics\Rocket.Surgery.LaunchPad.AppMetrics.csproj", "{A7812A6A-A349-4BFA-9053-A7678F48BF91}"
EndProject
Project("{FAE04EC0-301F-11D3-BF4B-00C04F79EFBC}") = "Rocket.Surgery.LaunchPad.Serilog", "src\Serilog\Rocket.Surgery.LaunchPad.Serilog.csproj", "{AE561959-1043-4154-9D48-F3F0A4ADF43E}"
EndProject
Project("{FAE04EC0-301F-11D3-BF4B-00C04F79EFBC}") = "Sample.BlazorServer", "sample\Sample.BlazorServer\Sample.BlazorServer.csproj", "{B8FD4723-B672-4BFA-BCF8-CDE6680DF126}"
EndProject
Project("{FAE04EC0-301F-11D3-BF4B-00C04F79EFBC}") = "Sample.Grpc", "sample\Sample.Grpc\Sample.Grpc.csproj", "{D32EF7D2-593C-41FE-A99C-E4E44397999B}"
EndProject
Project("{FAE04EC0-301F-11D3-BF4B-00C04F79EFBC}") = "Sample.BlazorWasm", "sample\Sample.BlazorWasm\Sample.BlazorWasm.csproj", "{EE30D7E0-52FF-48B4-9E14-B298C217BFD5}"
EndProject
Project("{FAE04EC0-301F-11D3-BF4B-00C04F79EFBC}") = "Sample.BlazorServer.Tests", "test\Sample.BlazorServer.Tests\Sample.BlazorServer.Tests.csproj", "{ADF041FA-D8D3-4B5A-BC2D-9D8108D3B755}"
EndProject
Project("{FAE04EC0-301F-11D3-BF4B-00C04F79EFBC}") = "Sample.BlazorWasm.Tests", "test\Sample.BlazorWasm.Tests\Sample.BlazorWasm.Tests.csproj", "{FE95705A-B0F1-4F13-A228-7C7252049710}"
EndProject
Project("{FAE04EC0-301F-11D3-BF4B-00C04F79EFBC}") = "Sample.Command.Tests", "test\Sample.Command.Tests\Sample.Command.Tests.csproj", "{E5CEB7E6-8994-4A79-AB20-AE9F3C6BB040}"
EndProject
Project("{FAE04EC0-301F-11D3-BF4B-00C04F79EFBC}") = "Sample.Grpc.Tests", "test\Sample.Grpc.Tests\Sample.Grpc.Tests.csproj", "{F62BEC18-DF62-42F7-ACE6-133F0B1F5E9F}"
EndProject
Project("{FAE04EC0-301F-11D3-BF4B-00C04F79EFBC}") = "Sample.Pages.Tests", "test\Sample.Pages.Tests\Sample.Pages.Tests.csproj", "{BF7308BD-1A13-482C-B651-A81DF8467988}"
EndProject
Project("{FAE04EC0-301F-11D3-BF4B-00C04F79EFBC}") = "Sample.Worker.Tests", "test\Sample.Worker.Tests\Sample.Worker.Tests.csproj", "{7B5B74FF-F8AB-4690-8A57-3D8E10678D91}"
EndProject
Project("{FAE04EC0-301F-11D3-BF4B-00C04F79EFBC}") = "Rocket.Surgery.LaunchPad.Metadata", "src\Metadata\Rocket.Surgery.LaunchPad.Metadata.csproj", "{BFB85E25-9351-43E8-B3C2-199009CE23FA}"
EndProject
Project("{FAE04EC0-301F-11D3-BF4B-00C04F79EFBC}") = "Metadata.Tests", "test\Metadata.Tests\Metadata.Tests.csproj", "{082F2EB5-93BE-4C71-B468-8A81A45A6BD7}"
EndProject
Project("{FAE04EC0-301F-11D3-BF4B-00C04F79EFBC}") = "Rocket.Surgery.LaunchPad.Functions", "src\Functions\Rocket.Surgery.LaunchPad.Functions.csproj", "{90DD3DB0-0304-4D79-A249-09E123BBC1E4}"
EndProject
Project("{FAE04EC0-301F-11D3-BF4B-00C04F79EFBC}") = "Functions.Tests", "test\Functions.Tests\Functions.Tests.csproj", "{3DC043AE-557B-4D07-85F2-2913E446C808}"
EndProject
Project("{FAE04EC0-301F-11D3-BF4B-00C04F79EFBC}") = "Sample_Function", "sample\Sample.Function\Sample_Function.csproj", "{041A8889-1B35-4BFD-B146-9DA7CB99DAF1}"
EndProject
Project("{FAE04EC0-301F-11D3-BF4B-00C04F79EFBC}") = "Rocket.Surgery.LaunchPad.Grpc", "src\Grpc\Rocket.Surgery.LaunchPad.Grpc.csproj", "{7A012ECC-B3E9-4A0B-96BB-EA87DE6EECA8}"
EndProject
Project("{FAE04EC0-301F-11D3-BF4B-00C04F79EFBC}") = "Rocket.Surgery.LaunchPad.AspNetCore.Blazor", "src\AspNetCore.Blazor\Rocket.Surgery.LaunchPad.AspNetCore.Blazor.csproj", "{EB665FF0-13EA-489A-A2B9-E8220B223A7C}"
EndProject
Project("{FAE04EC0-301F-11D3-BF4B-00C04F79EFBC}") = "Sample.Restful.Client", "sample\Sample.Restful.Client\Sample.Restful.Client.csproj", "{05E51CB7-2C57-4627-B57A-032714CEB21E}"
EndProject
Project("{FAE04EC0-301F-11D3-BF4B-00C04F79EFBC}") = "Rocket.Surgery.LaunchPad.WebAssembly.Hosting", "src\WebAssembly.Hosting\Rocket.Surgery.LaunchPad.WebAssembly.Hosting.csproj", "{82F82514-9C91-47A7-B1A5-1D6EC59295F9}"
EndProject
Project("{FAE04EC0-301F-11D3-BF4B-00C04F79EFBC}") = "Rocket.Surgery.LaunchPad.AspNetCore.Blazor.WebAssembly", "src\AspNetCore.Blazor.WebAssembly\Rocket.Surgery.LaunchPad.AspNetCore.Blazor.WebAssembly.csproj", "{17EA0A7D-7051-4773-928A-B467C0FF6020}"
EndProject
Project("{FAE04EC0-301F-11D3-BF4B-00C04F79EFBC}") = "Rocket.Surgery.LaunchPad.Foundation", "src\Foundation\Rocket.Surgery.LaunchPad.Foundation.csproj", "{AA63D4FD-68DC-4081-B521-5AD2A3DC66F5}"
EndProject
Project("{FAE04EC0-301F-11D3-BF4B-00C04F79EFBC}") = "Rocket.Surgery.LaunchPad.Foundation.NewtonsoftJson", "src\Foundation.NewtonsoftJson\Rocket.Surgery.LaunchPad.Foundation.NewtonsoftJson.csproj", "{B3BBAC79-79EB-404E-9BE5-A2CBC447C818}"
EndProject
Project("{FAE04EC0-301F-11D3-BF4B-00C04F79EFBC}") = "Rocket.Surgery.LaunchPad.Analyzers", "src\Analyzers\Rocket.Surgery.LaunchPad.Analyzers.csproj", "{CBF9F362-9694-4BB6-930C-1C59B45E189D}"
EndProject
Project("{FAE04EC0-301F-11D3-BF4B-00C04F79EFBC}") = "Analyzers.Tests", "test\Analyzers.Tests\Analyzers.Tests.csproj", "{D040AD5E-620B-4AF1-92B3-FB4409C4ECFD}"
EndProject
Project("{FAE04EC0-301F-11D3-BF4B-00C04F79EFBC}") = "Rocket.Surgery.LaunchPad.HotChocolate", "src\HotChocolate\Rocket.Surgery.LaunchPad.HotChocolate.csproj", "{57F109FE-5337-45FA-8A50-F4BD139B0383}"
EndProject
Project("{FAE04EC0-301F-11D3-BF4B-00C04F79EFBC}") = "Rocket.Surgery.LaunchPad.Graphql", "src\Graphql\Rocket.Surgery.LaunchPad.Graphql.csproj", "{B6B3D5A8-7DC2-4D80-8704-4C30236BD0BA}"
EndProject
Project("{FAE04EC0-301F-11D3-BF4B-00C04F79EFBC}") = "Sample.Graphql", "sample\Sample.Graphql\Sample.Graphql.csproj", "{AEFC06BB-A1A4-498F-B93A-0E76D95F662A}"
EndProject
Project("{FAE04EC0-301F-11D3-BF4B-00C04F79EFBC}") = "Sample.Graphql.Tests", "test\Sample.Graphql.Tests\Sample.Graphql.Tests.csproj", "{D6A3919B-8513-4879-853B-E942FFB1757B}"
EndProject
Project("{FAE04EC0-301F-11D3-BF4B-00C04F79EFBC}") = "Rocket.Surgery.LaunchPad.EntityFramework.HotChocolate", "src\EntityFramework.HotChocolate\Rocket.Surgery.LaunchPad.EntityFramework.HotChocolate.csproj", "{190EE25F-ECD1-4461-A454-F10185E3A7FD}"
EndProject
Project("{FAE04EC0-301F-11D3-BF4B-00C04F79EFBC}") = "Rocket.Surgery.LaunchPad.Mapping", "src\Mapping\Rocket.Surgery.LaunchPad.Mapping.csproj", "{C275559A-F759-4FC4-AAAC-11AE60B7BD45}"
EndProject
Project("{FAE04EC0-301F-11D3-BF4B-00C04F79EFBC}") = "Rocket.Surgery.LaunchPad.Mapping.NewtonsoftJson", "src\Mapping.NewtonsoftJson\Rocket.Surgery.LaunchPad.Mapping.NewtonsoftJson.csproj", "{4AC6F683-FB5C-47E1-A6F6-3E56DCB54600}"
EndProject
Project("{FAE04EC0-301F-11D3-BF4B-00C04F79EFBC}") = "Rocket.Surgery.LaunchPad.Spatial", "src\Spatial\Rocket.Surgery.LaunchPad.Spatial.csproj", "{32465135-7CBB-4109-8D06-3A2B9F36ABF0}"
EndProject
Project("{FAE04EC0-301F-11D3-BF4B-00C04F79EFBC}") = "Rocket.Surgery.LaunchPad.Spatial.NewtonsoftJson", "src\Spatial.NewtonsoftJson\Rocket.Surgery.LaunchPad.Spatial.NewtonsoftJson.csproj", "{FDE52ADE-BB32-4915-8C24-E174FF4AAAE8}"
EndProject
Global
	GlobalSection(SolutionConfigurationPlatforms) = preSolution
		Debug|Any CPU = Debug|Any CPU
		Debug|x64 = Debug|x64
		Debug|x86 = Debug|x86
		Release|Any CPU = Release|Any CPU
		Release|x64 = Release|x64
		Release|x86 = Release|x86
	EndGlobalSection
	GlobalSection(ProjectConfigurationPlatforms) = postSolution
		{166F1873-4CAE-4F54-88B6-5FE79678846B}.Debug|Any CPU.ActiveCfg = Debug|Any CPU
		{166F1873-4CAE-4F54-88B6-5FE79678846B}.Debug|x64.ActiveCfg = Debug|Any CPU
		{166F1873-4CAE-4F54-88B6-5FE79678846B}.Debug|x86.ActiveCfg = Debug|Any CPU
		{166F1873-4CAE-4F54-88B6-5FE79678846B}.Release|Any CPU.ActiveCfg = Release|Any CPU
		{166F1873-4CAE-4F54-88B6-5FE79678846B}.Release|x64.ActiveCfg = Release|Any CPU
		{166F1873-4CAE-4F54-88B6-5FE79678846B}.Release|x86.ActiveCfg = Release|Any CPU
		{9C03CA0E-4A3B-48F3-9DDD-DE1B325936A9}.Debug|Any CPU.ActiveCfg = Debug|Any CPU
		{9C03CA0E-4A3B-48F3-9DDD-DE1B325936A9}.Debug|Any CPU.Build.0 = Debug|Any CPU
		{9C03CA0E-4A3B-48F3-9DDD-DE1B325936A9}.Debug|x64.ActiveCfg = Debug|Any CPU
		{9C03CA0E-4A3B-48F3-9DDD-DE1B325936A9}.Debug|x64.Build.0 = Debug|Any CPU
		{9C03CA0E-4A3B-48F3-9DDD-DE1B325936A9}.Debug|x86.ActiveCfg = Debug|Any CPU
		{9C03CA0E-4A3B-48F3-9DDD-DE1B325936A9}.Debug|x86.Build.0 = Debug|Any CPU
		{9C03CA0E-4A3B-48F3-9DDD-DE1B325936A9}.Release|Any CPU.ActiveCfg = Release|Any CPU
		{9C03CA0E-4A3B-48F3-9DDD-DE1B325936A9}.Release|Any CPU.Build.0 = Release|Any CPU
		{9C03CA0E-4A3B-48F3-9DDD-DE1B325936A9}.Release|x64.ActiveCfg = Release|Any CPU
		{9C03CA0E-4A3B-48F3-9DDD-DE1B325936A9}.Release|x64.Build.0 = Release|Any CPU
		{9C03CA0E-4A3B-48F3-9DDD-DE1B325936A9}.Release|x86.ActiveCfg = Release|Any CPU
		{9C03CA0E-4A3B-48F3-9DDD-DE1B325936A9}.Release|x86.Build.0 = Release|Any CPU
		{52273EAC-E0B8-4143-B37E-6E4FEB35DD67}.Debug|Any CPU.ActiveCfg = Debug|Any CPU
		{52273EAC-E0B8-4143-B37E-6E4FEB35DD67}.Debug|Any CPU.Build.0 = Debug|Any CPU
		{52273EAC-E0B8-4143-B37E-6E4FEB35DD67}.Debug|x64.ActiveCfg = Debug|Any CPU
		{52273EAC-E0B8-4143-B37E-6E4FEB35DD67}.Debug|x64.Build.0 = Debug|Any CPU
		{52273EAC-E0B8-4143-B37E-6E4FEB35DD67}.Debug|x86.ActiveCfg = Debug|Any CPU
		{52273EAC-E0B8-4143-B37E-6E4FEB35DD67}.Debug|x86.Build.0 = Debug|Any CPU
		{52273EAC-E0B8-4143-B37E-6E4FEB35DD67}.Release|Any CPU.ActiveCfg = Release|Any CPU
		{52273EAC-E0B8-4143-B37E-6E4FEB35DD67}.Release|Any CPU.Build.0 = Release|Any CPU
		{52273EAC-E0B8-4143-B37E-6E4FEB35DD67}.Release|x64.ActiveCfg = Release|Any CPU
		{52273EAC-E0B8-4143-B37E-6E4FEB35DD67}.Release|x64.Build.0 = Release|Any CPU
		{52273EAC-E0B8-4143-B37E-6E4FEB35DD67}.Release|x86.ActiveCfg = Release|Any CPU
		{52273EAC-E0B8-4143-B37E-6E4FEB35DD67}.Release|x86.Build.0 = Release|Any CPU
		{DC125465-FC05-4A18-B275-36606B90A4FE}.Debug|Any CPU.ActiveCfg = Debug|Any CPU
		{DC125465-FC05-4A18-B275-36606B90A4FE}.Debug|Any CPU.Build.0 = Debug|Any CPU
		{DC125465-FC05-4A18-B275-36606B90A4FE}.Debug|x64.ActiveCfg = Debug|Any CPU
		{DC125465-FC05-4A18-B275-36606B90A4FE}.Debug|x64.Build.0 = Debug|Any CPU
		{DC125465-FC05-4A18-B275-36606B90A4FE}.Debug|x86.ActiveCfg = Debug|Any CPU
		{DC125465-FC05-4A18-B275-36606B90A4FE}.Debug|x86.Build.0 = Debug|Any CPU
		{DC125465-FC05-4A18-B275-36606B90A4FE}.Release|Any CPU.ActiveCfg = Release|Any CPU
		{DC125465-FC05-4A18-B275-36606B90A4FE}.Release|Any CPU.Build.0 = Release|Any CPU
		{DC125465-FC05-4A18-B275-36606B90A4FE}.Release|x64.ActiveCfg = Release|Any CPU
		{DC125465-FC05-4A18-B275-36606B90A4FE}.Release|x64.Build.0 = Release|Any CPU
		{DC125465-FC05-4A18-B275-36606B90A4FE}.Release|x86.ActiveCfg = Release|Any CPU
		{DC125465-FC05-4A18-B275-36606B90A4FE}.Release|x86.Build.0 = Release|Any CPU
		{D395061D-AAAB-4B6A-BEC4-5B46F5FE70CD}.Debug|Any CPU.ActiveCfg = Debug|Any CPU
		{D395061D-AAAB-4B6A-BEC4-5B46F5FE70CD}.Debug|Any CPU.Build.0 = Debug|Any CPU
		{D395061D-AAAB-4B6A-BEC4-5B46F5FE70CD}.Debug|x64.ActiveCfg = Debug|Any CPU
		{D395061D-AAAB-4B6A-BEC4-5B46F5FE70CD}.Debug|x64.Build.0 = Debug|Any CPU
		{D395061D-AAAB-4B6A-BEC4-5B46F5FE70CD}.Debug|x86.ActiveCfg = Debug|Any CPU
		{D395061D-AAAB-4B6A-BEC4-5B46F5FE70CD}.Debug|x86.Build.0 = Debug|Any CPU
		{D395061D-AAAB-4B6A-BEC4-5B46F5FE70CD}.Release|Any CPU.ActiveCfg = Release|Any CPU
		{D395061D-AAAB-4B6A-BEC4-5B46F5FE70CD}.Release|Any CPU.Build.0 = Release|Any CPU
		{D395061D-AAAB-4B6A-BEC4-5B46F5FE70CD}.Release|x64.ActiveCfg = Release|Any CPU
		{D395061D-AAAB-4B6A-BEC4-5B46F5FE70CD}.Release|x64.Build.0 = Release|Any CPU
		{D395061D-AAAB-4B6A-BEC4-5B46F5FE70CD}.Release|x86.ActiveCfg = Release|Any CPU
		{D395061D-AAAB-4B6A-BEC4-5B46F5FE70CD}.Release|x86.Build.0 = Release|Any CPU
		{822A83CB-0B19-4282-A724-F2F090850564}.Debug|Any CPU.ActiveCfg = Debug|Any CPU
		{822A83CB-0B19-4282-A724-F2F090850564}.Debug|Any CPU.Build.0 = Debug|Any CPU
		{822A83CB-0B19-4282-A724-F2F090850564}.Debug|x64.ActiveCfg = Debug|Any CPU
		{822A83CB-0B19-4282-A724-F2F090850564}.Debug|x64.Build.0 = Debug|Any CPU
		{822A83CB-0B19-4282-A724-F2F090850564}.Debug|x86.ActiveCfg = Debug|Any CPU
		{822A83CB-0B19-4282-A724-F2F090850564}.Debug|x86.Build.0 = Debug|Any CPU
		{822A83CB-0B19-4282-A724-F2F090850564}.Release|Any CPU.ActiveCfg = Release|Any CPU
		{822A83CB-0B19-4282-A724-F2F090850564}.Release|Any CPU.Build.0 = Release|Any CPU
		{822A83CB-0B19-4282-A724-F2F090850564}.Release|x64.ActiveCfg = Release|Any CPU
		{822A83CB-0B19-4282-A724-F2F090850564}.Release|x64.Build.0 = Release|Any CPU
		{822A83CB-0B19-4282-A724-F2F090850564}.Release|x86.ActiveCfg = Release|Any CPU
		{822A83CB-0B19-4282-A724-F2F090850564}.Release|x86.Build.0 = Release|Any CPU
		{64B30E17-4CF5-421F-814C-DF4730B508BA}.Debug|Any CPU.ActiveCfg = Debug|Any CPU
		{64B30E17-4CF5-421F-814C-DF4730B508BA}.Debug|Any CPU.Build.0 = Debug|Any CPU
		{64B30E17-4CF5-421F-814C-DF4730B508BA}.Debug|x64.ActiveCfg = Debug|Any CPU
		{64B30E17-4CF5-421F-814C-DF4730B508BA}.Debug|x64.Build.0 = Debug|Any CPU
		{64B30E17-4CF5-421F-814C-DF4730B508BA}.Debug|x86.ActiveCfg = Debug|Any CPU
		{64B30E17-4CF5-421F-814C-DF4730B508BA}.Debug|x86.Build.0 = Debug|Any CPU
		{64B30E17-4CF5-421F-814C-DF4730B508BA}.Release|Any CPU.ActiveCfg = Release|Any CPU
		{64B30E17-4CF5-421F-814C-DF4730B508BA}.Release|Any CPU.Build.0 = Release|Any CPU
		{64B30E17-4CF5-421F-814C-DF4730B508BA}.Release|x64.ActiveCfg = Release|Any CPU
		{64B30E17-4CF5-421F-814C-DF4730B508BA}.Release|x64.Build.0 = Release|Any CPU
		{64B30E17-4CF5-421F-814C-DF4730B508BA}.Release|x86.ActiveCfg = Release|Any CPU
		{64B30E17-4CF5-421F-814C-DF4730B508BA}.Release|x86.Build.0 = Release|Any CPU
		{A8F0A232-3C70-4C9F-B35F-18B33D60D989}.Debug|Any CPU.ActiveCfg = Debug|Any CPU
		{A8F0A232-3C70-4C9F-B35F-18B33D60D989}.Debug|Any CPU.Build.0 = Debug|Any CPU
		{A8F0A232-3C70-4C9F-B35F-18B33D60D989}.Debug|x64.ActiveCfg = Debug|Any CPU
		{A8F0A232-3C70-4C9F-B35F-18B33D60D989}.Debug|x64.Build.0 = Debug|Any CPU
		{A8F0A232-3C70-4C9F-B35F-18B33D60D989}.Debug|x86.ActiveCfg = Debug|Any CPU
		{A8F0A232-3C70-4C9F-B35F-18B33D60D989}.Debug|x86.Build.0 = Debug|Any CPU
		{A8F0A232-3C70-4C9F-B35F-18B33D60D989}.Release|Any CPU.ActiveCfg = Release|Any CPU
		{A8F0A232-3C70-4C9F-B35F-18B33D60D989}.Release|Any CPU.Build.0 = Release|Any CPU
		{A8F0A232-3C70-4C9F-B35F-18B33D60D989}.Release|x64.ActiveCfg = Release|Any CPU
		{A8F0A232-3C70-4C9F-B35F-18B33D60D989}.Release|x64.Build.0 = Release|Any CPU
		{A8F0A232-3C70-4C9F-B35F-18B33D60D989}.Release|x86.ActiveCfg = Release|Any CPU
		{A8F0A232-3C70-4C9F-B35F-18B33D60D989}.Release|x86.Build.0 = Release|Any CPU
		{75C55F46-7422-4E00-B41B-0DB5593B4641}.Debug|Any CPU.ActiveCfg = Debug|Any CPU
		{75C55F46-7422-4E00-B41B-0DB5593B4641}.Debug|Any CPU.Build.0 = Debug|Any CPU
		{75C55F46-7422-4E00-B41B-0DB5593B4641}.Debug|x64.ActiveCfg = Debug|Any CPU
		{75C55F46-7422-4E00-B41B-0DB5593B4641}.Debug|x64.Build.0 = Debug|Any CPU
		{75C55F46-7422-4E00-B41B-0DB5593B4641}.Debug|x86.ActiveCfg = Debug|Any CPU
		{75C55F46-7422-4E00-B41B-0DB5593B4641}.Debug|x86.Build.0 = Debug|Any CPU
		{75C55F46-7422-4E00-B41B-0DB5593B4641}.Release|Any CPU.ActiveCfg = Release|Any CPU
		{75C55F46-7422-4E00-B41B-0DB5593B4641}.Release|Any CPU.Build.0 = Release|Any CPU
		{75C55F46-7422-4E00-B41B-0DB5593B4641}.Release|x64.ActiveCfg = Release|Any CPU
		{75C55F46-7422-4E00-B41B-0DB5593B4641}.Release|x64.Build.0 = Release|Any CPU
		{75C55F46-7422-4E00-B41B-0DB5593B4641}.Release|x86.ActiveCfg = Release|Any CPU
		{75C55F46-7422-4E00-B41B-0DB5593B4641}.Release|x86.Build.0 = Release|Any CPU
		{8BBD24E1-DE43-414A-A0F3-5B8CC125D97F}.Debug|Any CPU.ActiveCfg = Debug|Any CPU
		{8BBD24E1-DE43-414A-A0F3-5B8CC125D97F}.Debug|Any CPU.Build.0 = Debug|Any CPU
		{8BBD24E1-DE43-414A-A0F3-5B8CC125D97F}.Debug|x64.ActiveCfg = Debug|Any CPU
		{8BBD24E1-DE43-414A-A0F3-5B8CC125D97F}.Debug|x64.Build.0 = Debug|Any CPU
		{8BBD24E1-DE43-414A-A0F3-5B8CC125D97F}.Debug|x86.ActiveCfg = Debug|Any CPU
		{8BBD24E1-DE43-414A-A0F3-5B8CC125D97F}.Debug|x86.Build.0 = Debug|Any CPU
		{8BBD24E1-DE43-414A-A0F3-5B8CC125D97F}.Release|Any CPU.ActiveCfg = Release|Any CPU
		{8BBD24E1-DE43-414A-A0F3-5B8CC125D97F}.Release|Any CPU.Build.0 = Release|Any CPU
		{8BBD24E1-DE43-414A-A0F3-5B8CC125D97F}.Release|x64.ActiveCfg = Release|Any CPU
		{8BBD24E1-DE43-414A-A0F3-5B8CC125D97F}.Release|x64.Build.0 = Release|Any CPU
		{8BBD24E1-DE43-414A-A0F3-5B8CC125D97F}.Release|x86.ActiveCfg = Release|Any CPU
		{8BBD24E1-DE43-414A-A0F3-5B8CC125D97F}.Release|x86.Build.0 = Release|Any CPU
		{FD33372B-4D2E-4F22-A866-6E01C2451FA4}.Debug|Any CPU.ActiveCfg = Debug|Any CPU
		{FD33372B-4D2E-4F22-A866-6E01C2451FA4}.Debug|Any CPU.Build.0 = Debug|Any CPU
		{FD33372B-4D2E-4F22-A866-6E01C2451FA4}.Debug|x64.ActiveCfg = Debug|Any CPU
		{FD33372B-4D2E-4F22-A866-6E01C2451FA4}.Debug|x64.Build.0 = Debug|Any CPU
		{FD33372B-4D2E-4F22-A866-6E01C2451FA4}.Debug|x86.ActiveCfg = Debug|Any CPU
		{FD33372B-4D2E-4F22-A866-6E01C2451FA4}.Debug|x86.Build.0 = Debug|Any CPU
		{FD33372B-4D2E-4F22-A866-6E01C2451FA4}.Release|Any CPU.ActiveCfg = Release|Any CPU
		{FD33372B-4D2E-4F22-A866-6E01C2451FA4}.Release|Any CPU.Build.0 = Release|Any CPU
		{FD33372B-4D2E-4F22-A866-6E01C2451FA4}.Release|x64.ActiveCfg = Release|Any CPU
		{FD33372B-4D2E-4F22-A866-6E01C2451FA4}.Release|x64.Build.0 = Release|Any CPU
		{FD33372B-4D2E-4F22-A866-6E01C2451FA4}.Release|x86.ActiveCfg = Release|Any CPU
		{FD33372B-4D2E-4F22-A866-6E01C2451FA4}.Release|x86.Build.0 = Release|Any CPU
		{2A39A833-558C-4054-8CEB-9293AEA38E18}.Debug|Any CPU.ActiveCfg = Debug|Any CPU
		{2A39A833-558C-4054-8CEB-9293AEA38E18}.Debug|Any CPU.Build.0 = Debug|Any CPU
		{2A39A833-558C-4054-8CEB-9293AEA38E18}.Debug|x64.ActiveCfg = Debug|Any CPU
		{2A39A833-558C-4054-8CEB-9293AEA38E18}.Debug|x64.Build.0 = Debug|Any CPU
		{2A39A833-558C-4054-8CEB-9293AEA38E18}.Debug|x86.ActiveCfg = Debug|Any CPU
		{2A39A833-558C-4054-8CEB-9293AEA38E18}.Debug|x86.Build.0 = Debug|Any CPU
		{2A39A833-558C-4054-8CEB-9293AEA38E18}.Release|Any CPU.ActiveCfg = Release|Any CPU
		{2A39A833-558C-4054-8CEB-9293AEA38E18}.Release|Any CPU.Build.0 = Release|Any CPU
		{2A39A833-558C-4054-8CEB-9293AEA38E18}.Release|x64.ActiveCfg = Release|Any CPU
		{2A39A833-558C-4054-8CEB-9293AEA38E18}.Release|x64.Build.0 = Release|Any CPU
		{2A39A833-558C-4054-8CEB-9293AEA38E18}.Release|x86.ActiveCfg = Release|Any CPU
		{2A39A833-558C-4054-8CEB-9293AEA38E18}.Release|x86.Build.0 = Release|Any CPU
		{27D44446-768E-42AC-B52A-4709F8A0647A}.Debug|Any CPU.ActiveCfg = Debug|Any CPU
		{27D44446-768E-42AC-B52A-4709F8A0647A}.Debug|Any CPU.Build.0 = Debug|Any CPU
		{27D44446-768E-42AC-B52A-4709F8A0647A}.Debug|x64.ActiveCfg = Debug|Any CPU
		{27D44446-768E-42AC-B52A-4709F8A0647A}.Debug|x64.Build.0 = Debug|Any CPU
		{27D44446-768E-42AC-B52A-4709F8A0647A}.Debug|x86.ActiveCfg = Debug|Any CPU
		{27D44446-768E-42AC-B52A-4709F8A0647A}.Debug|x86.Build.0 = Debug|Any CPU
		{27D44446-768E-42AC-B52A-4709F8A0647A}.Release|Any CPU.ActiveCfg = Release|Any CPU
		{27D44446-768E-42AC-B52A-4709F8A0647A}.Release|Any CPU.Build.0 = Release|Any CPU
		{27D44446-768E-42AC-B52A-4709F8A0647A}.Release|x64.ActiveCfg = Release|Any CPU
		{27D44446-768E-42AC-B52A-4709F8A0647A}.Release|x64.Build.0 = Release|Any CPU
		{27D44446-768E-42AC-B52A-4709F8A0647A}.Release|x86.ActiveCfg = Release|Any CPU
		{27D44446-768E-42AC-B52A-4709F8A0647A}.Release|x86.Build.0 = Release|Any CPU
		{364325D7-E7F0-4B7F-8F9F-75B1E0CF82CA}.Debug|Any CPU.ActiveCfg = Debug|Any CPU
		{364325D7-E7F0-4B7F-8F9F-75B1E0CF82CA}.Debug|Any CPU.Build.0 = Debug|Any CPU
		{364325D7-E7F0-4B7F-8F9F-75B1E0CF82CA}.Debug|x64.ActiveCfg = Debug|Any CPU
		{364325D7-E7F0-4B7F-8F9F-75B1E0CF82CA}.Debug|x64.Build.0 = Debug|Any CPU
		{364325D7-E7F0-4B7F-8F9F-75B1E0CF82CA}.Debug|x86.ActiveCfg = Debug|Any CPU
		{364325D7-E7F0-4B7F-8F9F-75B1E0CF82CA}.Debug|x86.Build.0 = Debug|Any CPU
		{364325D7-E7F0-4B7F-8F9F-75B1E0CF82CA}.Release|Any CPU.ActiveCfg = Release|Any CPU
		{364325D7-E7F0-4B7F-8F9F-75B1E0CF82CA}.Release|Any CPU.Build.0 = Release|Any CPU
		{364325D7-E7F0-4B7F-8F9F-75B1E0CF82CA}.Release|x64.ActiveCfg = Release|Any CPU
		{364325D7-E7F0-4B7F-8F9F-75B1E0CF82CA}.Release|x64.Build.0 = Release|Any CPU
		{364325D7-E7F0-4B7F-8F9F-75B1E0CF82CA}.Release|x86.ActiveCfg = Release|Any CPU
		{364325D7-E7F0-4B7F-8F9F-75B1E0CF82CA}.Release|x86.Build.0 = Release|Any CPU
		{EB78F90B-A60F-4588-BEA8-DF709A142495}.Debug|Any CPU.ActiveCfg = Debug|Any CPU
		{EB78F90B-A60F-4588-BEA8-DF709A142495}.Debug|Any CPU.Build.0 = Debug|Any CPU
		{EB78F90B-A60F-4588-BEA8-DF709A142495}.Debug|x64.ActiveCfg = Debug|Any CPU
		{EB78F90B-A60F-4588-BEA8-DF709A142495}.Debug|x64.Build.0 = Debug|Any CPU
		{EB78F90B-A60F-4588-BEA8-DF709A142495}.Debug|x86.ActiveCfg = Debug|Any CPU
		{EB78F90B-A60F-4588-BEA8-DF709A142495}.Debug|x86.Build.0 = Debug|Any CPU
		{EB78F90B-A60F-4588-BEA8-DF709A142495}.Release|Any CPU.ActiveCfg = Release|Any CPU
		{EB78F90B-A60F-4588-BEA8-DF709A142495}.Release|Any CPU.Build.0 = Release|Any CPU
		{EB78F90B-A60F-4588-BEA8-DF709A142495}.Release|x64.ActiveCfg = Release|Any CPU
		{EB78F90B-A60F-4588-BEA8-DF709A142495}.Release|x64.Build.0 = Release|Any CPU
		{EB78F90B-A60F-4588-BEA8-DF709A142495}.Release|x86.ActiveCfg = Release|Any CPU
		{EB78F90B-A60F-4588-BEA8-DF709A142495}.Release|x86.Build.0 = Release|Any CPU
		{84429E90-AD75-46FB-9AAF-DA1D96AA5B12}.Debug|Any CPU.ActiveCfg = Debug|Any CPU
		{84429E90-AD75-46FB-9AAF-DA1D96AA5B12}.Debug|Any CPU.Build.0 = Debug|Any CPU
		{84429E90-AD75-46FB-9AAF-DA1D96AA5B12}.Debug|x64.ActiveCfg = Debug|Any CPU
		{84429E90-AD75-46FB-9AAF-DA1D96AA5B12}.Debug|x64.Build.0 = Debug|Any CPU
		{84429E90-AD75-46FB-9AAF-DA1D96AA5B12}.Debug|x86.ActiveCfg = Debug|Any CPU
		{84429E90-AD75-46FB-9AAF-DA1D96AA5B12}.Debug|x86.Build.0 = Debug|Any CPU
		{84429E90-AD75-46FB-9AAF-DA1D96AA5B12}.Release|Any CPU.ActiveCfg = Release|Any CPU
		{84429E90-AD75-46FB-9AAF-DA1D96AA5B12}.Release|Any CPU.Build.0 = Release|Any CPU
		{84429E90-AD75-46FB-9AAF-DA1D96AA5B12}.Release|x64.ActiveCfg = Release|Any CPU
		{84429E90-AD75-46FB-9AAF-DA1D96AA5B12}.Release|x64.Build.0 = Release|Any CPU
		{84429E90-AD75-46FB-9AAF-DA1D96AA5B12}.Release|x86.ActiveCfg = Release|Any CPU
		{84429E90-AD75-46FB-9AAF-DA1D96AA5B12}.Release|x86.Build.0 = Release|Any CPU
		{CCAE1CB9-CF4C-4D8C-8795-3E2C6054AC9B}.Debug|Any CPU.ActiveCfg = Debug|Any CPU
		{CCAE1CB9-CF4C-4D8C-8795-3E2C6054AC9B}.Debug|Any CPU.Build.0 = Debug|Any CPU
		{CCAE1CB9-CF4C-4D8C-8795-3E2C6054AC9B}.Debug|x64.ActiveCfg = Debug|Any CPU
		{CCAE1CB9-CF4C-4D8C-8795-3E2C6054AC9B}.Debug|x64.Build.0 = Debug|Any CPU
		{CCAE1CB9-CF4C-4D8C-8795-3E2C6054AC9B}.Debug|x86.ActiveCfg = Debug|Any CPU
		{CCAE1CB9-CF4C-4D8C-8795-3E2C6054AC9B}.Debug|x86.Build.0 = Debug|Any CPU
		{CCAE1CB9-CF4C-4D8C-8795-3E2C6054AC9B}.Release|Any CPU.ActiveCfg = Release|Any CPU
		{CCAE1CB9-CF4C-4D8C-8795-3E2C6054AC9B}.Release|Any CPU.Build.0 = Release|Any CPU
		{CCAE1CB9-CF4C-4D8C-8795-3E2C6054AC9B}.Release|x64.ActiveCfg = Release|Any CPU
		{CCAE1CB9-CF4C-4D8C-8795-3E2C6054AC9B}.Release|x64.Build.0 = Release|Any CPU
		{CCAE1CB9-CF4C-4D8C-8795-3E2C6054AC9B}.Release|x86.ActiveCfg = Release|Any CPU
		{CCAE1CB9-CF4C-4D8C-8795-3E2C6054AC9B}.Release|x86.Build.0 = Release|Any CPU
		{A7812A6A-A349-4BFA-9053-A7678F48BF91}.Debug|Any CPU.ActiveCfg = Debug|Any CPU
		{A7812A6A-A349-4BFA-9053-A7678F48BF91}.Debug|Any CPU.Build.0 = Debug|Any CPU
		{A7812A6A-A349-4BFA-9053-A7678F48BF91}.Debug|x64.ActiveCfg = Debug|Any CPU
		{A7812A6A-A349-4BFA-9053-A7678F48BF91}.Debug|x64.Build.0 = Debug|Any CPU
		{A7812A6A-A349-4BFA-9053-A7678F48BF91}.Debug|x86.ActiveCfg = Debug|Any CPU
		{A7812A6A-A349-4BFA-9053-A7678F48BF91}.Debug|x86.Build.0 = Debug|Any CPU
		{A7812A6A-A349-4BFA-9053-A7678F48BF91}.Release|Any CPU.ActiveCfg = Release|Any CPU
		{A7812A6A-A349-4BFA-9053-A7678F48BF91}.Release|Any CPU.Build.0 = Release|Any CPU
		{A7812A6A-A349-4BFA-9053-A7678F48BF91}.Release|x64.ActiveCfg = Release|Any CPU
		{A7812A6A-A349-4BFA-9053-A7678F48BF91}.Release|x64.Build.0 = Release|Any CPU
		{A7812A6A-A349-4BFA-9053-A7678F48BF91}.Release|x86.ActiveCfg = Release|Any CPU
		{A7812A6A-A349-4BFA-9053-A7678F48BF91}.Release|x86.Build.0 = Release|Any CPU
		{AE561959-1043-4154-9D48-F3F0A4ADF43E}.Debug|Any CPU.ActiveCfg = Debug|Any CPU
		{AE561959-1043-4154-9D48-F3F0A4ADF43E}.Debug|Any CPU.Build.0 = Debug|Any CPU
		{AE561959-1043-4154-9D48-F3F0A4ADF43E}.Debug|x64.ActiveCfg = Debug|Any CPU
		{AE561959-1043-4154-9D48-F3F0A4ADF43E}.Debug|x64.Build.0 = Debug|Any CPU
		{AE561959-1043-4154-9D48-F3F0A4ADF43E}.Debug|x86.ActiveCfg = Debug|Any CPU
		{AE561959-1043-4154-9D48-F3F0A4ADF43E}.Debug|x86.Build.0 = Debug|Any CPU
		{AE561959-1043-4154-9D48-F3F0A4ADF43E}.Release|Any CPU.ActiveCfg = Release|Any CPU
		{AE561959-1043-4154-9D48-F3F0A4ADF43E}.Release|Any CPU.Build.0 = Release|Any CPU
		{AE561959-1043-4154-9D48-F3F0A4ADF43E}.Release|x64.ActiveCfg = Release|Any CPU
		{AE561959-1043-4154-9D48-F3F0A4ADF43E}.Release|x64.Build.0 = Release|Any CPU
		{AE561959-1043-4154-9D48-F3F0A4ADF43E}.Release|x86.ActiveCfg = Release|Any CPU
		{AE561959-1043-4154-9D48-F3F0A4ADF43E}.Release|x86.Build.0 = Release|Any CPU
		{B8FD4723-B672-4BFA-BCF8-CDE6680DF126}.Debug|Any CPU.ActiveCfg = Debug|Any CPU
		{B8FD4723-B672-4BFA-BCF8-CDE6680DF126}.Debug|Any CPU.Build.0 = Debug|Any CPU
		{B8FD4723-B672-4BFA-BCF8-CDE6680DF126}.Debug|x64.ActiveCfg = Debug|Any CPU
		{B8FD4723-B672-4BFA-BCF8-CDE6680DF126}.Debug|x64.Build.0 = Debug|Any CPU
		{B8FD4723-B672-4BFA-BCF8-CDE6680DF126}.Debug|x86.ActiveCfg = Debug|Any CPU
		{B8FD4723-B672-4BFA-BCF8-CDE6680DF126}.Debug|x86.Build.0 = Debug|Any CPU
		{B8FD4723-B672-4BFA-BCF8-CDE6680DF126}.Release|Any CPU.ActiveCfg = Release|Any CPU
		{B8FD4723-B672-4BFA-BCF8-CDE6680DF126}.Release|Any CPU.Build.0 = Release|Any CPU
		{B8FD4723-B672-4BFA-BCF8-CDE6680DF126}.Release|x64.ActiveCfg = Release|Any CPU
		{B8FD4723-B672-4BFA-BCF8-CDE6680DF126}.Release|x64.Build.0 = Release|Any CPU
		{B8FD4723-B672-4BFA-BCF8-CDE6680DF126}.Release|x86.ActiveCfg = Release|Any CPU
		{B8FD4723-B672-4BFA-BCF8-CDE6680DF126}.Release|x86.Build.0 = Release|Any CPU
		{D32EF7D2-593C-41FE-A99C-E4E44397999B}.Debug|Any CPU.ActiveCfg = Debug|Any CPU
		{D32EF7D2-593C-41FE-A99C-E4E44397999B}.Debug|Any CPU.Build.0 = Debug|Any CPU
		{D32EF7D2-593C-41FE-A99C-E4E44397999B}.Debug|x64.ActiveCfg = Debug|Any CPU
		{D32EF7D2-593C-41FE-A99C-E4E44397999B}.Debug|x64.Build.0 = Debug|Any CPU
		{D32EF7D2-593C-41FE-A99C-E4E44397999B}.Debug|x86.ActiveCfg = Debug|Any CPU
		{D32EF7D2-593C-41FE-A99C-E4E44397999B}.Debug|x86.Build.0 = Debug|Any CPU
		{D32EF7D2-593C-41FE-A99C-E4E44397999B}.Release|Any CPU.ActiveCfg = Release|Any CPU
		{D32EF7D2-593C-41FE-A99C-E4E44397999B}.Release|Any CPU.Build.0 = Release|Any CPU
		{D32EF7D2-593C-41FE-A99C-E4E44397999B}.Release|x64.ActiveCfg = Release|Any CPU
		{D32EF7D2-593C-41FE-A99C-E4E44397999B}.Release|x64.Build.0 = Release|Any CPU
		{D32EF7D2-593C-41FE-A99C-E4E44397999B}.Release|x86.ActiveCfg = Release|Any CPU
		{D32EF7D2-593C-41FE-A99C-E4E44397999B}.Release|x86.Build.0 = Release|Any CPU
		{EE30D7E0-52FF-48B4-9E14-B298C217BFD5}.Debug|Any CPU.ActiveCfg = Debug|Any CPU
		{EE30D7E0-52FF-48B4-9E14-B298C217BFD5}.Debug|Any CPU.Build.0 = Debug|Any CPU
		{EE30D7E0-52FF-48B4-9E14-B298C217BFD5}.Debug|x64.ActiveCfg = Debug|Any CPU
		{EE30D7E0-52FF-48B4-9E14-B298C217BFD5}.Debug|x64.Build.0 = Debug|Any CPU
		{EE30D7E0-52FF-48B4-9E14-B298C217BFD5}.Debug|x86.ActiveCfg = Debug|Any CPU
		{EE30D7E0-52FF-48B4-9E14-B298C217BFD5}.Debug|x86.Build.0 = Debug|Any CPU
		{EE30D7E0-52FF-48B4-9E14-B298C217BFD5}.Release|Any CPU.ActiveCfg = Release|Any CPU
		{EE30D7E0-52FF-48B4-9E14-B298C217BFD5}.Release|Any CPU.Build.0 = Release|Any CPU
		{EE30D7E0-52FF-48B4-9E14-B298C217BFD5}.Release|x64.ActiveCfg = Release|Any CPU
		{EE30D7E0-52FF-48B4-9E14-B298C217BFD5}.Release|x64.Build.0 = Release|Any CPU
		{EE30D7E0-52FF-48B4-9E14-B298C217BFD5}.Release|x86.ActiveCfg = Release|Any CPU
		{EE30D7E0-52FF-48B4-9E14-B298C217BFD5}.Release|x86.Build.0 = Release|Any CPU
		{ADF041FA-D8D3-4B5A-BC2D-9D8108D3B755}.Debug|Any CPU.ActiveCfg = Debug|Any CPU
		{ADF041FA-D8D3-4B5A-BC2D-9D8108D3B755}.Debug|Any CPU.Build.0 = Debug|Any CPU
		{ADF041FA-D8D3-4B5A-BC2D-9D8108D3B755}.Debug|x64.ActiveCfg = Debug|Any CPU
		{ADF041FA-D8D3-4B5A-BC2D-9D8108D3B755}.Debug|x64.Build.0 = Debug|Any CPU
		{ADF041FA-D8D3-4B5A-BC2D-9D8108D3B755}.Debug|x86.ActiveCfg = Debug|Any CPU
		{ADF041FA-D8D3-4B5A-BC2D-9D8108D3B755}.Debug|x86.Build.0 = Debug|Any CPU
		{ADF041FA-D8D3-4B5A-BC2D-9D8108D3B755}.Release|Any CPU.ActiveCfg = Release|Any CPU
		{ADF041FA-D8D3-4B5A-BC2D-9D8108D3B755}.Release|Any CPU.Build.0 = Release|Any CPU
		{ADF041FA-D8D3-4B5A-BC2D-9D8108D3B755}.Release|x64.ActiveCfg = Release|Any CPU
		{ADF041FA-D8D3-4B5A-BC2D-9D8108D3B755}.Release|x64.Build.0 = Release|Any CPU
		{ADF041FA-D8D3-4B5A-BC2D-9D8108D3B755}.Release|x86.ActiveCfg = Release|Any CPU
		{ADF041FA-D8D3-4B5A-BC2D-9D8108D3B755}.Release|x86.Build.0 = Release|Any CPU
		{FE95705A-B0F1-4F13-A228-7C7252049710}.Debug|Any CPU.ActiveCfg = Debug|Any CPU
		{FE95705A-B0F1-4F13-A228-7C7252049710}.Debug|Any CPU.Build.0 = Debug|Any CPU
		{FE95705A-B0F1-4F13-A228-7C7252049710}.Debug|x64.ActiveCfg = Debug|Any CPU
		{FE95705A-B0F1-4F13-A228-7C7252049710}.Debug|x64.Build.0 = Debug|Any CPU
		{FE95705A-B0F1-4F13-A228-7C7252049710}.Debug|x86.ActiveCfg = Debug|Any CPU
		{FE95705A-B0F1-4F13-A228-7C7252049710}.Debug|x86.Build.0 = Debug|Any CPU
		{FE95705A-B0F1-4F13-A228-7C7252049710}.Release|Any CPU.ActiveCfg = Release|Any CPU
		{FE95705A-B0F1-4F13-A228-7C7252049710}.Release|Any CPU.Build.0 = Release|Any CPU
		{FE95705A-B0F1-4F13-A228-7C7252049710}.Release|x64.ActiveCfg = Release|Any CPU
		{FE95705A-B0F1-4F13-A228-7C7252049710}.Release|x64.Build.0 = Release|Any CPU
		{FE95705A-B0F1-4F13-A228-7C7252049710}.Release|x86.ActiveCfg = Release|Any CPU
		{FE95705A-B0F1-4F13-A228-7C7252049710}.Release|x86.Build.0 = Release|Any CPU
		{E5CEB7E6-8994-4A79-AB20-AE9F3C6BB040}.Debug|Any CPU.ActiveCfg = Debug|Any CPU
		{E5CEB7E6-8994-4A79-AB20-AE9F3C6BB040}.Debug|Any CPU.Build.0 = Debug|Any CPU
		{E5CEB7E6-8994-4A79-AB20-AE9F3C6BB040}.Debug|x64.ActiveCfg = Debug|Any CPU
		{E5CEB7E6-8994-4A79-AB20-AE9F3C6BB040}.Debug|x64.Build.0 = Debug|Any CPU
		{E5CEB7E6-8994-4A79-AB20-AE9F3C6BB040}.Debug|x86.ActiveCfg = Debug|Any CPU
		{E5CEB7E6-8994-4A79-AB20-AE9F3C6BB040}.Debug|x86.Build.0 = Debug|Any CPU
		{E5CEB7E6-8994-4A79-AB20-AE9F3C6BB040}.Release|Any CPU.ActiveCfg = Release|Any CPU
		{E5CEB7E6-8994-4A79-AB20-AE9F3C6BB040}.Release|Any CPU.Build.0 = Release|Any CPU
		{E5CEB7E6-8994-4A79-AB20-AE9F3C6BB040}.Release|x64.ActiveCfg = Release|Any CPU
		{E5CEB7E6-8994-4A79-AB20-AE9F3C6BB040}.Release|x64.Build.0 = Release|Any CPU
		{E5CEB7E6-8994-4A79-AB20-AE9F3C6BB040}.Release|x86.ActiveCfg = Release|Any CPU
		{E5CEB7E6-8994-4A79-AB20-AE9F3C6BB040}.Release|x86.Build.0 = Release|Any CPU
		{F62BEC18-DF62-42F7-ACE6-133F0B1F5E9F}.Debug|Any CPU.ActiveCfg = Debug|Any CPU
		{F62BEC18-DF62-42F7-ACE6-133F0B1F5E9F}.Debug|Any CPU.Build.0 = Debug|Any CPU
		{F62BEC18-DF62-42F7-ACE6-133F0B1F5E9F}.Debug|x64.ActiveCfg = Debug|Any CPU
		{F62BEC18-DF62-42F7-ACE6-133F0B1F5E9F}.Debug|x64.Build.0 = Debug|Any CPU
		{F62BEC18-DF62-42F7-ACE6-133F0B1F5E9F}.Debug|x86.ActiveCfg = Debug|Any CPU
		{F62BEC18-DF62-42F7-ACE6-133F0B1F5E9F}.Debug|x86.Build.0 = Debug|Any CPU
		{F62BEC18-DF62-42F7-ACE6-133F0B1F5E9F}.Release|Any CPU.ActiveCfg = Release|Any CPU
		{F62BEC18-DF62-42F7-ACE6-133F0B1F5E9F}.Release|Any CPU.Build.0 = Release|Any CPU
		{F62BEC18-DF62-42F7-ACE6-133F0B1F5E9F}.Release|x64.ActiveCfg = Release|Any CPU
		{F62BEC18-DF62-42F7-ACE6-133F0B1F5E9F}.Release|x64.Build.0 = Release|Any CPU
		{F62BEC18-DF62-42F7-ACE6-133F0B1F5E9F}.Release|x86.ActiveCfg = Release|Any CPU
		{F62BEC18-DF62-42F7-ACE6-133F0B1F5E9F}.Release|x86.Build.0 = Release|Any CPU
		{BF7308BD-1A13-482C-B651-A81DF8467988}.Debug|Any CPU.ActiveCfg = Debug|Any CPU
		{BF7308BD-1A13-482C-B651-A81DF8467988}.Debug|Any CPU.Build.0 = Debug|Any CPU
		{BF7308BD-1A13-482C-B651-A81DF8467988}.Debug|x64.ActiveCfg = Debug|Any CPU
		{BF7308BD-1A13-482C-B651-A81DF8467988}.Debug|x64.Build.0 = Debug|Any CPU
		{BF7308BD-1A13-482C-B651-A81DF8467988}.Debug|x86.ActiveCfg = Debug|Any CPU
		{BF7308BD-1A13-482C-B651-A81DF8467988}.Debug|x86.Build.0 = Debug|Any CPU
		{BF7308BD-1A13-482C-B651-A81DF8467988}.Release|Any CPU.ActiveCfg = Release|Any CPU
		{BF7308BD-1A13-482C-B651-A81DF8467988}.Release|Any CPU.Build.0 = Release|Any CPU
		{BF7308BD-1A13-482C-B651-A81DF8467988}.Release|x64.ActiveCfg = Release|Any CPU
		{BF7308BD-1A13-482C-B651-A81DF8467988}.Release|x64.Build.0 = Release|Any CPU
		{BF7308BD-1A13-482C-B651-A81DF8467988}.Release|x86.ActiveCfg = Release|Any CPU
		{BF7308BD-1A13-482C-B651-A81DF8467988}.Release|x86.Build.0 = Release|Any CPU
		{7B5B74FF-F8AB-4690-8A57-3D8E10678D91}.Debug|Any CPU.ActiveCfg = Debug|Any CPU
		{7B5B74FF-F8AB-4690-8A57-3D8E10678D91}.Debug|Any CPU.Build.0 = Debug|Any CPU
		{7B5B74FF-F8AB-4690-8A57-3D8E10678D91}.Debug|x64.ActiveCfg = Debug|Any CPU
		{7B5B74FF-F8AB-4690-8A57-3D8E10678D91}.Debug|x64.Build.0 = Debug|Any CPU
		{7B5B74FF-F8AB-4690-8A57-3D8E10678D91}.Debug|x86.ActiveCfg = Debug|Any CPU
		{7B5B74FF-F8AB-4690-8A57-3D8E10678D91}.Debug|x86.Build.0 = Debug|Any CPU
		{7B5B74FF-F8AB-4690-8A57-3D8E10678D91}.Release|Any CPU.ActiveCfg = Release|Any CPU
		{7B5B74FF-F8AB-4690-8A57-3D8E10678D91}.Release|Any CPU.Build.0 = Release|Any CPU
		{7B5B74FF-F8AB-4690-8A57-3D8E10678D91}.Release|x64.ActiveCfg = Release|Any CPU
		{7B5B74FF-F8AB-4690-8A57-3D8E10678D91}.Release|x64.Build.0 = Release|Any CPU
		{7B5B74FF-F8AB-4690-8A57-3D8E10678D91}.Release|x86.ActiveCfg = Release|Any CPU
		{7B5B74FF-F8AB-4690-8A57-3D8E10678D91}.Release|x86.Build.0 = Release|Any CPU
		{BFB85E25-9351-43E8-B3C2-199009CE23FA}.Debug|Any CPU.ActiveCfg = Debug|Any CPU
		{BFB85E25-9351-43E8-B3C2-199009CE23FA}.Debug|Any CPU.Build.0 = Debug|Any CPU
		{BFB85E25-9351-43E8-B3C2-199009CE23FA}.Debug|x64.ActiveCfg = Debug|Any CPU
		{BFB85E25-9351-43E8-B3C2-199009CE23FA}.Debug|x64.Build.0 = Debug|Any CPU
		{BFB85E25-9351-43E8-B3C2-199009CE23FA}.Debug|x86.ActiveCfg = Debug|Any CPU
		{BFB85E25-9351-43E8-B3C2-199009CE23FA}.Debug|x86.Build.0 = Debug|Any CPU
		{BFB85E25-9351-43E8-B3C2-199009CE23FA}.Release|Any CPU.ActiveCfg = Release|Any CPU
		{BFB85E25-9351-43E8-B3C2-199009CE23FA}.Release|Any CPU.Build.0 = Release|Any CPU
		{BFB85E25-9351-43E8-B3C2-199009CE23FA}.Release|x64.ActiveCfg = Release|Any CPU
		{BFB85E25-9351-43E8-B3C2-199009CE23FA}.Release|x64.Build.0 = Release|Any CPU
		{BFB85E25-9351-43E8-B3C2-199009CE23FA}.Release|x86.ActiveCfg = Release|Any CPU
		{BFB85E25-9351-43E8-B3C2-199009CE23FA}.Release|x86.Build.0 = Release|Any CPU
		{082F2EB5-93BE-4C71-B468-8A81A45A6BD7}.Debug|Any CPU.ActiveCfg = Debug|Any CPU
		{082F2EB5-93BE-4C71-B468-8A81A45A6BD7}.Debug|Any CPU.Build.0 = Debug|Any CPU
		{082F2EB5-93BE-4C71-B468-8A81A45A6BD7}.Debug|x64.ActiveCfg = Debug|Any CPU
		{082F2EB5-93BE-4C71-B468-8A81A45A6BD7}.Debug|x64.Build.0 = Debug|Any CPU
		{082F2EB5-93BE-4C71-B468-8A81A45A6BD7}.Debug|x86.ActiveCfg = Debug|Any CPU
		{082F2EB5-93BE-4C71-B468-8A81A45A6BD7}.Debug|x86.Build.0 = Debug|Any CPU
		{082F2EB5-93BE-4C71-B468-8A81A45A6BD7}.Release|Any CPU.ActiveCfg = Release|Any CPU
		{082F2EB5-93BE-4C71-B468-8A81A45A6BD7}.Release|Any CPU.Build.0 = Release|Any CPU
		{082F2EB5-93BE-4C71-B468-8A81A45A6BD7}.Release|x64.ActiveCfg = Release|Any CPU
		{082F2EB5-93BE-4C71-B468-8A81A45A6BD7}.Release|x64.Build.0 = Release|Any CPU
		{082F2EB5-93BE-4C71-B468-8A81A45A6BD7}.Release|x86.ActiveCfg = Release|Any CPU
		{082F2EB5-93BE-4C71-B468-8A81A45A6BD7}.Release|x86.Build.0 = Release|Any CPU
		{90DD3DB0-0304-4D79-A249-09E123BBC1E4}.Debug|Any CPU.ActiveCfg = Debug|Any CPU
		{90DD3DB0-0304-4D79-A249-09E123BBC1E4}.Debug|Any CPU.Build.0 = Debug|Any CPU
		{90DD3DB0-0304-4D79-A249-09E123BBC1E4}.Debug|x64.ActiveCfg = Debug|Any CPU
		{90DD3DB0-0304-4D79-A249-09E123BBC1E4}.Debug|x64.Build.0 = Debug|Any CPU
		{90DD3DB0-0304-4D79-A249-09E123BBC1E4}.Debug|x86.ActiveCfg = Debug|Any CPU
		{90DD3DB0-0304-4D79-A249-09E123BBC1E4}.Debug|x86.Build.0 = Debug|Any CPU
		{90DD3DB0-0304-4D79-A249-09E123BBC1E4}.Release|Any CPU.ActiveCfg = Release|Any CPU
		{90DD3DB0-0304-4D79-A249-09E123BBC1E4}.Release|Any CPU.Build.0 = Release|Any CPU
		{90DD3DB0-0304-4D79-A249-09E123BBC1E4}.Release|x64.ActiveCfg = Release|Any CPU
		{90DD3DB0-0304-4D79-A249-09E123BBC1E4}.Release|x64.Build.0 = Release|Any CPU
		{90DD3DB0-0304-4D79-A249-09E123BBC1E4}.Release|x86.ActiveCfg = Release|Any CPU
		{90DD3DB0-0304-4D79-A249-09E123BBC1E4}.Release|x86.Build.0 = Release|Any CPU
		{3DC043AE-557B-4D07-85F2-2913E446C808}.Debug|Any CPU.ActiveCfg = Debug|Any CPU
		{3DC043AE-557B-4D07-85F2-2913E446C808}.Debug|Any CPU.Build.0 = Debug|Any CPU
		{3DC043AE-557B-4D07-85F2-2913E446C808}.Debug|x64.ActiveCfg = Debug|Any CPU
		{3DC043AE-557B-4D07-85F2-2913E446C808}.Debug|x64.Build.0 = Debug|Any CPU
		{3DC043AE-557B-4D07-85F2-2913E446C808}.Debug|x86.ActiveCfg = Debug|Any CPU
		{3DC043AE-557B-4D07-85F2-2913E446C808}.Debug|x86.Build.0 = Debug|Any CPU
		{3DC043AE-557B-4D07-85F2-2913E446C808}.Release|Any CPU.ActiveCfg = Release|Any CPU
		{3DC043AE-557B-4D07-85F2-2913E446C808}.Release|Any CPU.Build.0 = Release|Any CPU
		{3DC043AE-557B-4D07-85F2-2913E446C808}.Release|x64.ActiveCfg = Release|Any CPU
		{3DC043AE-557B-4D07-85F2-2913E446C808}.Release|x64.Build.0 = Release|Any CPU
		{3DC043AE-557B-4D07-85F2-2913E446C808}.Release|x86.ActiveCfg = Release|Any CPU
		{3DC043AE-557B-4D07-85F2-2913E446C808}.Release|x86.Build.0 = Release|Any CPU
		{041A8889-1B35-4BFD-B146-9DA7CB99DAF1}.Debug|Any CPU.ActiveCfg = Debug|Any CPU
		{041A8889-1B35-4BFD-B146-9DA7CB99DAF1}.Debug|Any CPU.Build.0 = Debug|Any CPU
		{041A8889-1B35-4BFD-B146-9DA7CB99DAF1}.Debug|x64.ActiveCfg = Debug|Any CPU
		{041A8889-1B35-4BFD-B146-9DA7CB99DAF1}.Debug|x64.Build.0 = Debug|Any CPU
		{041A8889-1B35-4BFD-B146-9DA7CB99DAF1}.Debug|x86.ActiveCfg = Debug|Any CPU
		{041A8889-1B35-4BFD-B146-9DA7CB99DAF1}.Debug|x86.Build.0 = Debug|Any CPU
		{041A8889-1B35-4BFD-B146-9DA7CB99DAF1}.Release|Any CPU.ActiveCfg = Release|Any CPU
		{041A8889-1B35-4BFD-B146-9DA7CB99DAF1}.Release|Any CPU.Build.0 = Release|Any CPU
		{041A8889-1B35-4BFD-B146-9DA7CB99DAF1}.Release|x64.ActiveCfg = Release|Any CPU
		{041A8889-1B35-4BFD-B146-9DA7CB99DAF1}.Release|x64.Build.0 = Release|Any CPU
		{041A8889-1B35-4BFD-B146-9DA7CB99DAF1}.Release|x86.ActiveCfg = Release|Any CPU
		{041A8889-1B35-4BFD-B146-9DA7CB99DAF1}.Release|x86.Build.0 = Release|Any CPU
		{7A012ECC-B3E9-4A0B-96BB-EA87DE6EECA8}.Debug|Any CPU.ActiveCfg = Debug|Any CPU
		{7A012ECC-B3E9-4A0B-96BB-EA87DE6EECA8}.Debug|Any CPU.Build.0 = Debug|Any CPU
		{7A012ECC-B3E9-4A0B-96BB-EA87DE6EECA8}.Debug|x64.ActiveCfg = Debug|Any CPU
		{7A012ECC-B3E9-4A0B-96BB-EA87DE6EECA8}.Debug|x64.Build.0 = Debug|Any CPU
		{7A012ECC-B3E9-4A0B-96BB-EA87DE6EECA8}.Debug|x86.ActiveCfg = Debug|Any CPU
		{7A012ECC-B3E9-4A0B-96BB-EA87DE6EECA8}.Debug|x86.Build.0 = Debug|Any CPU
		{7A012ECC-B3E9-4A0B-96BB-EA87DE6EECA8}.Release|Any CPU.ActiveCfg = Release|Any CPU
		{7A012ECC-B3E9-4A0B-96BB-EA87DE6EECA8}.Release|Any CPU.Build.0 = Release|Any CPU
		{7A012ECC-B3E9-4A0B-96BB-EA87DE6EECA8}.Release|x64.ActiveCfg = Release|Any CPU
		{7A012ECC-B3E9-4A0B-96BB-EA87DE6EECA8}.Release|x64.Build.0 = Release|Any CPU
		{7A012ECC-B3E9-4A0B-96BB-EA87DE6EECA8}.Release|x86.ActiveCfg = Release|Any CPU
		{7A012ECC-B3E9-4A0B-96BB-EA87DE6EECA8}.Release|x86.Build.0 = Release|Any CPU
		{17EA0A7D-7051-4773-928A-B467C0FF6020}.Debug|Any CPU.ActiveCfg = Debug|Any CPU
		{17EA0A7D-7051-4773-928A-B467C0FF6020}.Debug|Any CPU.Build.0 = Debug|Any CPU
		{17EA0A7D-7051-4773-928A-B467C0FF6020}.Debug|x64.ActiveCfg = Debug|Any CPU
		{17EA0A7D-7051-4773-928A-B467C0FF6020}.Debug|x64.Build.0 = Debug|Any CPU
		{17EA0A7D-7051-4773-928A-B467C0FF6020}.Debug|x86.ActiveCfg = Debug|Any CPU
		{17EA0A7D-7051-4773-928A-B467C0FF6020}.Debug|x86.Build.0 = Debug|Any CPU
		{17EA0A7D-7051-4773-928A-B467C0FF6020}.Release|Any CPU.ActiveCfg = Release|Any CPU
		{17EA0A7D-7051-4773-928A-B467C0FF6020}.Release|Any CPU.Build.0 = Release|Any CPU
		{17EA0A7D-7051-4773-928A-B467C0FF6020}.Release|x64.ActiveCfg = Release|Any CPU
		{17EA0A7D-7051-4773-928A-B467C0FF6020}.Release|x64.Build.0 = Release|Any CPU
		{17EA0A7D-7051-4773-928A-B467C0FF6020}.Release|x86.ActiveCfg = Release|Any CPU
		{17EA0A7D-7051-4773-928A-B467C0FF6020}.Release|x86.Build.0 = Release|Any CPU
		{EB665FF0-13EA-489A-A2B9-E8220B223A7C}.Debug|Any CPU.ActiveCfg = Debug|Any CPU
		{EB665FF0-13EA-489A-A2B9-E8220B223A7C}.Debug|Any CPU.Build.0 = Debug|Any CPU
		{EB665FF0-13EA-489A-A2B9-E8220B223A7C}.Release|Any CPU.ActiveCfg = Release|Any CPU
		{EB665FF0-13EA-489A-A2B9-E8220B223A7C}.Release|Any CPU.Build.0 = Release|Any CPU
		{EB665FF0-13EA-489A-A2B9-E8220B223A7C}.Debug|x64.ActiveCfg = Debug|Any CPU
		{EB665FF0-13EA-489A-A2B9-E8220B223A7C}.Debug|x64.Build.0 = Debug|Any CPU
		{EB665FF0-13EA-489A-A2B9-E8220B223A7C}.Debug|x86.ActiveCfg = Debug|Any CPU
		{EB665FF0-13EA-489A-A2B9-E8220B223A7C}.Debug|x86.Build.0 = Debug|Any CPU
		{EB665FF0-13EA-489A-A2B9-E8220B223A7C}.Release|x64.ActiveCfg = Release|Any CPU
		{EB665FF0-13EA-489A-A2B9-E8220B223A7C}.Release|x64.Build.0 = Release|Any CPU
		{EB665FF0-13EA-489A-A2B9-E8220B223A7C}.Release|x86.ActiveCfg = Release|Any CPU
		{EB665FF0-13EA-489A-A2B9-E8220B223A7C}.Release|x86.Build.0 = Release|Any CPU
		{82F82514-9C91-47A7-B1A5-1D6EC59295F9}.Debug|Any CPU.ActiveCfg = Debug|Any CPU
		{82F82514-9C91-47A7-B1A5-1D6EC59295F9}.Debug|Any CPU.Build.0 = Debug|Any CPU
		{82F82514-9C91-47A7-B1A5-1D6EC59295F9}.Release|Any CPU.ActiveCfg = Release|Any CPU
		{82F82514-9C91-47A7-B1A5-1D6EC59295F9}.Release|Any CPU.Build.0 = Release|Any CPU
		{82F82514-9C91-47A7-B1A5-1D6EC59295F9}.Debug|x64.ActiveCfg = Debug|Any CPU
		{82F82514-9C91-47A7-B1A5-1D6EC59295F9}.Debug|x64.Build.0 = Debug|Any CPU
		{82F82514-9C91-47A7-B1A5-1D6EC59295F9}.Debug|x86.ActiveCfg = Debug|Any CPU
		{82F82514-9C91-47A7-B1A5-1D6EC59295F9}.Debug|x86.Build.0 = Debug|Any CPU
		{82F82514-9C91-47A7-B1A5-1D6EC59295F9}.Release|x64.ActiveCfg = Release|Any CPU
		{82F82514-9C91-47A7-B1A5-1D6EC59295F9}.Release|x64.Build.0 = Release|Any CPU
		{82F82514-9C91-47A7-B1A5-1D6EC59295F9}.Release|x86.ActiveCfg = Release|Any CPU
		{82F82514-9C91-47A7-B1A5-1D6EC59295F9}.Release|x86.Build.0 = Release|Any CPU
		{05E51CB7-2C57-4627-B57A-032714CEB21E}.Debug|Any CPU.ActiveCfg = Debug|Any CPU
		{05E51CB7-2C57-4627-B57A-032714CEB21E}.Release|Any CPU.ActiveCfg = Release|Any CPU
		{05E51CB7-2C57-4627-B57A-032714CEB21E}.Release|Any CPU.Build.0 = Release|Any CPU
		{05E51CB7-2C57-4627-B57A-032714CEB21E}.Debug|x64.ActiveCfg = Debug|Any CPU
		{05E51CB7-2C57-4627-B57A-032714CEB21E}.Debug|x64.Build.0 = Debug|Any CPU
		{05E51CB7-2C57-4627-B57A-032714CEB21E}.Debug|x86.ActiveCfg = Debug|Any CPU
		{05E51CB7-2C57-4627-B57A-032714CEB21E}.Debug|x86.Build.0 = Debug|Any CPU
		{05E51CB7-2C57-4627-B57A-032714CEB21E}.Release|x64.ActiveCfg = Release|Any CPU
		{05E51CB7-2C57-4627-B57A-032714CEB21E}.Release|x64.Build.0 = Release|Any CPU
		{05E51CB7-2C57-4627-B57A-032714CEB21E}.Release|x86.ActiveCfg = Release|Any CPU
		{05E51CB7-2C57-4627-B57A-032714CEB21E}.Release|x86.Build.0 = Release|Any CPU
		{05E51CB7-2C57-4627-B57A-032714CEB21E}.Debug|Any CPU.Build.0 = Debug|Any CPU
		{AA63D4FD-68DC-4081-B521-5AD2A3DC66F5}.Debug|Any CPU.ActiveCfg = Debug|Any CPU
		{AA63D4FD-68DC-4081-B521-5AD2A3DC66F5}.Debug|Any CPU.Build.0 = Debug|Any CPU
		{AA63D4FD-68DC-4081-B521-5AD2A3DC66F5}.Debug|x64.ActiveCfg = Debug|Any CPU
		{AA63D4FD-68DC-4081-B521-5AD2A3DC66F5}.Debug|x64.Build.0 = Debug|Any CPU
		{AA63D4FD-68DC-4081-B521-5AD2A3DC66F5}.Debug|x86.ActiveCfg = Debug|Any CPU
		{AA63D4FD-68DC-4081-B521-5AD2A3DC66F5}.Debug|x86.Build.0 = Debug|Any CPU
		{AA63D4FD-68DC-4081-B521-5AD2A3DC66F5}.Release|Any CPU.ActiveCfg = Release|Any CPU
		{AA63D4FD-68DC-4081-B521-5AD2A3DC66F5}.Release|Any CPU.Build.0 = Release|Any CPU
		{AA63D4FD-68DC-4081-B521-5AD2A3DC66F5}.Release|x64.ActiveCfg = Release|Any CPU
		{AA63D4FD-68DC-4081-B521-5AD2A3DC66F5}.Release|x64.Build.0 = Release|Any CPU
		{AA63D4FD-68DC-4081-B521-5AD2A3DC66F5}.Release|x86.ActiveCfg = Release|Any CPU
		{AA63D4FD-68DC-4081-B521-5AD2A3DC66F5}.Release|x86.Build.0 = Release|Any CPU
		{B3BBAC79-79EB-404E-9BE5-A2CBC447C818}.Debug|Any CPU.ActiveCfg = Debug|Any CPU
		{B3BBAC79-79EB-404E-9BE5-A2CBC447C818}.Debug|Any CPU.Build.0 = Debug|Any CPU
		{B3BBAC79-79EB-404E-9BE5-A2CBC447C818}.Debug|x64.ActiveCfg = Debug|Any CPU
		{B3BBAC79-79EB-404E-9BE5-A2CBC447C818}.Debug|x64.Build.0 = Debug|Any CPU
		{B3BBAC79-79EB-404E-9BE5-A2CBC447C818}.Debug|x86.ActiveCfg = Debug|Any CPU
		{B3BBAC79-79EB-404E-9BE5-A2CBC447C818}.Debug|x86.Build.0 = Debug|Any CPU
		{B3BBAC79-79EB-404E-9BE5-A2CBC447C818}.Release|Any CPU.ActiveCfg = Release|Any CPU
		{B3BBAC79-79EB-404E-9BE5-A2CBC447C818}.Release|Any CPU.Build.0 = Release|Any CPU
		{B3BBAC79-79EB-404E-9BE5-A2CBC447C818}.Release|x64.ActiveCfg = Release|Any CPU
		{B3BBAC79-79EB-404E-9BE5-A2CBC447C818}.Release|x64.Build.0 = Release|Any CPU
		{B3BBAC79-79EB-404E-9BE5-A2CBC447C818}.Release|x86.ActiveCfg = Release|Any CPU
		{B3BBAC79-79EB-404E-9BE5-A2CBC447C818}.Release|x86.Build.0 = Release|Any CPU
		{CBF9F362-9694-4BB6-930C-1C59B45E189D}.Debug|Any CPU.ActiveCfg = Debug|Any CPU
		{CBF9F362-9694-4BB6-930C-1C59B45E189D}.Debug|Any CPU.Build.0 = Debug|Any CPU
		{CBF9F362-9694-4BB6-930C-1C59B45E189D}.Debug|x64.ActiveCfg = Debug|Any CPU
		{CBF9F362-9694-4BB6-930C-1C59B45E189D}.Debug|x64.Build.0 = Debug|Any CPU
		{CBF9F362-9694-4BB6-930C-1C59B45E189D}.Debug|x86.ActiveCfg = Debug|Any CPU
		{CBF9F362-9694-4BB6-930C-1C59B45E189D}.Debug|x86.Build.0 = Debug|Any CPU
		{CBF9F362-9694-4BB6-930C-1C59B45E189D}.Release|Any CPU.ActiveCfg = Release|Any CPU
		{CBF9F362-9694-4BB6-930C-1C59B45E189D}.Release|Any CPU.Build.0 = Release|Any CPU
		{CBF9F362-9694-4BB6-930C-1C59B45E189D}.Release|x64.ActiveCfg = Release|Any CPU
		{CBF9F362-9694-4BB6-930C-1C59B45E189D}.Release|x64.Build.0 = Release|Any CPU
		{CBF9F362-9694-4BB6-930C-1C59B45E189D}.Release|x86.ActiveCfg = Release|Any CPU
		{CBF9F362-9694-4BB6-930C-1C59B45E189D}.Release|x86.Build.0 = Release|Any CPU
		{D040AD5E-620B-4AF1-92B3-FB4409C4ECFD}.Debug|Any CPU.ActiveCfg = Debug|Any CPU
		{D040AD5E-620B-4AF1-92B3-FB4409C4ECFD}.Debug|Any CPU.Build.0 = Debug|Any CPU
		{D040AD5E-620B-4AF1-92B3-FB4409C4ECFD}.Debug|x64.ActiveCfg = Debug|Any CPU
		{D040AD5E-620B-4AF1-92B3-FB4409C4ECFD}.Debug|x64.Build.0 = Debug|Any CPU
		{D040AD5E-620B-4AF1-92B3-FB4409C4ECFD}.Debug|x86.ActiveCfg = Debug|Any CPU
		{D040AD5E-620B-4AF1-92B3-FB4409C4ECFD}.Debug|x86.Build.0 = Debug|Any CPU
		{D040AD5E-620B-4AF1-92B3-FB4409C4ECFD}.Release|Any CPU.ActiveCfg = Release|Any CPU
		{D040AD5E-620B-4AF1-92B3-FB4409C4ECFD}.Release|Any CPU.Build.0 = Release|Any CPU
		{D040AD5E-620B-4AF1-92B3-FB4409C4ECFD}.Release|x64.ActiveCfg = Release|Any CPU
		{D040AD5E-620B-4AF1-92B3-FB4409C4ECFD}.Release|x64.Build.0 = Release|Any CPU
		{D040AD5E-620B-4AF1-92B3-FB4409C4ECFD}.Release|x86.ActiveCfg = Release|Any CPU
		{D040AD5E-620B-4AF1-92B3-FB4409C4ECFD}.Release|x86.Build.0 = Release|Any CPU
		{57F109FE-5337-45FA-8A50-F4BD139B0383}.Debug|Any CPU.ActiveCfg = Debug|Any CPU
		{57F109FE-5337-45FA-8A50-F4BD139B0383}.Debug|Any CPU.Build.0 = Debug|Any CPU
		{57F109FE-5337-45FA-8A50-F4BD139B0383}.Debug|x64.ActiveCfg = Debug|Any CPU
		{57F109FE-5337-45FA-8A50-F4BD139B0383}.Debug|x64.Build.0 = Debug|Any CPU
		{57F109FE-5337-45FA-8A50-F4BD139B0383}.Debug|x86.ActiveCfg = Debug|Any CPU
		{57F109FE-5337-45FA-8A50-F4BD139B0383}.Debug|x86.Build.0 = Debug|Any CPU
		{57F109FE-5337-45FA-8A50-F4BD139B0383}.Release|Any CPU.ActiveCfg = Release|Any CPU
		{57F109FE-5337-45FA-8A50-F4BD139B0383}.Release|Any CPU.Build.0 = Release|Any CPU
		{57F109FE-5337-45FA-8A50-F4BD139B0383}.Release|x64.ActiveCfg = Release|Any CPU
		{57F109FE-5337-45FA-8A50-F4BD139B0383}.Release|x64.Build.0 = Release|Any CPU
		{57F109FE-5337-45FA-8A50-F4BD139B0383}.Release|x86.ActiveCfg = Release|Any CPU
		{57F109FE-5337-45FA-8A50-F4BD139B0383}.Release|x86.Build.0 = Release|Any CPU
		{B6B3D5A8-7DC2-4D80-8704-4C30236BD0BA}.Debug|Any CPU.ActiveCfg = Debug|Any CPU
		{B6B3D5A8-7DC2-4D80-8704-4C30236BD0BA}.Debug|Any CPU.Build.0 = Debug|Any CPU
		{B6B3D5A8-7DC2-4D80-8704-4C30236BD0BA}.Debug|x64.ActiveCfg = Debug|Any CPU
		{B6B3D5A8-7DC2-4D80-8704-4C30236BD0BA}.Debug|x64.Build.0 = Debug|Any CPU
		{B6B3D5A8-7DC2-4D80-8704-4C30236BD0BA}.Debug|x86.ActiveCfg = Debug|Any CPU
		{B6B3D5A8-7DC2-4D80-8704-4C30236BD0BA}.Debug|x86.Build.0 = Debug|Any CPU
		{B6B3D5A8-7DC2-4D80-8704-4C30236BD0BA}.Release|Any CPU.ActiveCfg = Release|Any CPU
		{B6B3D5A8-7DC2-4D80-8704-4C30236BD0BA}.Release|Any CPU.Build.0 = Release|Any CPU
		{B6B3D5A8-7DC2-4D80-8704-4C30236BD0BA}.Release|x64.ActiveCfg = Release|Any CPU
		{B6B3D5A8-7DC2-4D80-8704-4C30236BD0BA}.Release|x64.Build.0 = Release|Any CPU
		{B6B3D5A8-7DC2-4D80-8704-4C30236BD0BA}.Release|x86.ActiveCfg = Release|Any CPU
		{B6B3D5A8-7DC2-4D80-8704-4C30236BD0BA}.Release|x86.Build.0 = Release|Any CPU
		{AEFC06BB-A1A4-498F-B93A-0E76D95F662A}.Debug|Any CPU.ActiveCfg = Debug|Any CPU
		{AEFC06BB-A1A4-498F-B93A-0E76D95F662A}.Debug|Any CPU.Build.0 = Debug|Any CPU
		{AEFC06BB-A1A4-498F-B93A-0E76D95F662A}.Debug|x64.ActiveCfg = Debug|Any CPU
		{AEFC06BB-A1A4-498F-B93A-0E76D95F662A}.Debug|x64.Build.0 = Debug|Any CPU
		{AEFC06BB-A1A4-498F-B93A-0E76D95F662A}.Debug|x86.ActiveCfg = Debug|Any CPU
		{AEFC06BB-A1A4-498F-B93A-0E76D95F662A}.Debug|x86.Build.0 = Debug|Any CPU
		{AEFC06BB-A1A4-498F-B93A-0E76D95F662A}.Release|Any CPU.ActiveCfg = Release|Any CPU
		{AEFC06BB-A1A4-498F-B93A-0E76D95F662A}.Release|Any CPU.Build.0 = Release|Any CPU
		{AEFC06BB-A1A4-498F-B93A-0E76D95F662A}.Release|x64.ActiveCfg = Release|Any CPU
		{AEFC06BB-A1A4-498F-B93A-0E76D95F662A}.Release|x64.Build.0 = Release|Any CPU
		{AEFC06BB-A1A4-498F-B93A-0E76D95F662A}.Release|x86.ActiveCfg = Release|Any CPU
		{AEFC06BB-A1A4-498F-B93A-0E76D95F662A}.Release|x86.Build.0 = Release|Any CPU
		{D6A3919B-8513-4879-853B-E942FFB1757B}.Debug|Any CPU.ActiveCfg = Debug|Any CPU
		{D6A3919B-8513-4879-853B-E942FFB1757B}.Debug|Any CPU.Build.0 = Debug|Any CPU
		{D6A3919B-8513-4879-853B-E942FFB1757B}.Debug|x64.ActiveCfg = Debug|Any CPU
		{D6A3919B-8513-4879-853B-E942FFB1757B}.Debug|x64.Build.0 = Debug|Any CPU
		{D6A3919B-8513-4879-853B-E942FFB1757B}.Debug|x86.ActiveCfg = Debug|Any CPU
		{D6A3919B-8513-4879-853B-E942FFB1757B}.Debug|x86.Build.0 = Debug|Any CPU
		{D6A3919B-8513-4879-853B-E942FFB1757B}.Release|Any CPU.ActiveCfg = Release|Any CPU
		{D6A3919B-8513-4879-853B-E942FFB1757B}.Release|Any CPU.Build.0 = Release|Any CPU
		{D6A3919B-8513-4879-853B-E942FFB1757B}.Release|x64.ActiveCfg = Release|Any CPU
		{D6A3919B-8513-4879-853B-E942FFB1757B}.Release|x64.Build.0 = Release|Any CPU
		{D6A3919B-8513-4879-853B-E942FFB1757B}.Release|x86.ActiveCfg = Release|Any CPU
		{D6A3919B-8513-4879-853B-E942FFB1757B}.Release|x86.Build.0 = Release|Any CPU
		{190EE25F-ECD1-4461-A454-F10185E3A7FD}.Debug|Any CPU.ActiveCfg = Debug|Any CPU
		{190EE25F-ECD1-4461-A454-F10185E3A7FD}.Debug|Any CPU.Build.0 = Debug|Any CPU
		{190EE25F-ECD1-4461-A454-F10185E3A7FD}.Debug|x64.ActiveCfg = Debug|Any CPU
		{190EE25F-ECD1-4461-A454-F10185E3A7FD}.Debug|x64.Build.0 = Debug|Any CPU
		{190EE25F-ECD1-4461-A454-F10185E3A7FD}.Debug|x86.ActiveCfg = Debug|Any CPU
		{190EE25F-ECD1-4461-A454-F10185E3A7FD}.Debug|x86.Build.0 = Debug|Any CPU
		{190EE25F-ECD1-4461-A454-F10185E3A7FD}.Release|Any CPU.ActiveCfg = Release|Any CPU
		{190EE25F-ECD1-4461-A454-F10185E3A7FD}.Release|Any CPU.Build.0 = Release|Any CPU
		{190EE25F-ECD1-4461-A454-F10185E3A7FD}.Release|x64.ActiveCfg = Release|Any CPU
		{190EE25F-ECD1-4461-A454-F10185E3A7FD}.Release|x64.Build.0 = Release|Any CPU
		{190EE25F-ECD1-4461-A454-F10185E3A7FD}.Release|x86.ActiveCfg = Release|Any CPU
		{190EE25F-ECD1-4461-A454-F10185E3A7FD}.Release|x86.Build.0 = Release|Any CPU
		{C275559A-F759-4FC4-AAAC-11AE60B7BD45}.Debug|Any CPU.ActiveCfg = Debug|Any CPU
		{C275559A-F759-4FC4-AAAC-11AE60B7BD45}.Debug|Any CPU.Build.0 = Debug|Any CPU
		{C275559A-F759-4FC4-AAAC-11AE60B7BD45}.Debug|x64.ActiveCfg = Debug|Any CPU
		{C275559A-F759-4FC4-AAAC-11AE60B7BD45}.Debug|x64.Build.0 = Debug|Any CPU
		{C275559A-F759-4FC4-AAAC-11AE60B7BD45}.Debug|x86.ActiveCfg = Debug|Any CPU
		{C275559A-F759-4FC4-AAAC-11AE60B7BD45}.Debug|x86.Build.0 = Debug|Any CPU
		{C275559A-F759-4FC4-AAAC-11AE60B7BD45}.Release|Any CPU.ActiveCfg = Release|Any CPU
		{C275559A-F759-4FC4-AAAC-11AE60B7BD45}.Release|Any CPU.Build.0 = Release|Any CPU
		{C275559A-F759-4FC4-AAAC-11AE60B7BD45}.Release|x64.ActiveCfg = Release|Any CPU
		{C275559A-F759-4FC4-AAAC-11AE60B7BD45}.Release|x64.Build.0 = Release|Any CPU
		{C275559A-F759-4FC4-AAAC-11AE60B7BD45}.Release|x86.ActiveCfg = Release|Any CPU
		{C275559A-F759-4FC4-AAAC-11AE60B7BD45}.Release|x86.Build.0 = Release|Any CPU
		{4AC6F683-FB5C-47E1-A6F6-3E56DCB54600}.Debug|Any CPU.ActiveCfg = Debug|Any CPU
		{4AC6F683-FB5C-47E1-A6F6-3E56DCB54600}.Debug|Any CPU.Build.0 = Debug|Any CPU
		{4AC6F683-FB5C-47E1-A6F6-3E56DCB54600}.Debug|x64.ActiveCfg = Debug|Any CPU
		{4AC6F683-FB5C-47E1-A6F6-3E56DCB54600}.Debug|x64.Build.0 = Debug|Any CPU
		{4AC6F683-FB5C-47E1-A6F6-3E56DCB54600}.Debug|x86.ActiveCfg = Debug|Any CPU
		{4AC6F683-FB5C-47E1-A6F6-3E56DCB54600}.Debug|x86.Build.0 = Debug|Any CPU
		{4AC6F683-FB5C-47E1-A6F6-3E56DCB54600}.Release|Any CPU.ActiveCfg = Release|Any CPU
		{4AC6F683-FB5C-47E1-A6F6-3E56DCB54600}.Release|Any CPU.Build.0 = Release|Any CPU
		{4AC6F683-FB5C-47E1-A6F6-3E56DCB54600}.Release|x64.ActiveCfg = Release|Any CPU
		{4AC6F683-FB5C-47E1-A6F6-3E56DCB54600}.Release|x64.Build.0 = Release|Any CPU
		{4AC6F683-FB5C-47E1-A6F6-3E56DCB54600}.Release|x86.ActiveCfg = Release|Any CPU
		{4AC6F683-FB5C-47E1-A6F6-3E56DCB54600}.Release|x86.Build.0 = Release|Any CPU
		{32465135-7CBB-4109-8D06-3A2B9F36ABF0}.Debug|Any CPU.ActiveCfg = Debug|Any CPU
		{32465135-7CBB-4109-8D06-3A2B9F36ABF0}.Debug|Any CPU.Build.0 = Debug|Any CPU
		{32465135-7CBB-4109-8D06-3A2B9F36ABF0}.Debug|x64.ActiveCfg = Debug|Any CPU
		{32465135-7CBB-4109-8D06-3A2B9F36ABF0}.Debug|x64.Build.0 = Debug|Any CPU
		{32465135-7CBB-4109-8D06-3A2B9F36ABF0}.Debug|x86.ActiveCfg = Debug|Any CPU
		{32465135-7CBB-4109-8D06-3A2B9F36ABF0}.Debug|x86.Build.0 = Debug|Any CPU
		{32465135-7CBB-4109-8D06-3A2B9F36ABF0}.Release|Any CPU.ActiveCfg = Release|Any CPU
		{32465135-7CBB-4109-8D06-3A2B9F36ABF0}.Release|Any CPU.Build.0 = Release|Any CPU
		{32465135-7CBB-4109-8D06-3A2B9F36ABF0}.Release|x64.ActiveCfg = Release|Any CPU
		{32465135-7CBB-4109-8D06-3A2B9F36ABF0}.Release|x64.Build.0 = Release|Any CPU
		{32465135-7CBB-4109-8D06-3A2B9F36ABF0}.Release|x86.ActiveCfg = Release|Any CPU
		{32465135-7CBB-4109-8D06-3A2B9F36ABF0}.Release|x86.Build.0 = Release|Any CPU
		{FDE52ADE-BB32-4915-8C24-E174FF4AAAE8}.Debug|Any CPU.ActiveCfg = Debug|Any CPU
		{FDE52ADE-BB32-4915-8C24-E174FF4AAAE8}.Debug|Any CPU.Build.0 = Debug|Any CPU
		{FDE52ADE-BB32-4915-8C24-E174FF4AAAE8}.Debug|x64.ActiveCfg = Debug|Any CPU
		{FDE52ADE-BB32-4915-8C24-E174FF4AAAE8}.Debug|x64.Build.0 = Debug|Any CPU
		{FDE52ADE-BB32-4915-8C24-E174FF4AAAE8}.Debug|x86.ActiveCfg = Debug|Any CPU
		{FDE52ADE-BB32-4915-8C24-E174FF4AAAE8}.Debug|x86.Build.0 = Debug|Any CPU
		{FDE52ADE-BB32-4915-8C24-E174FF4AAAE8}.Release|Any CPU.ActiveCfg = Release|Any CPU
		{FDE52ADE-BB32-4915-8C24-E174FF4AAAE8}.Release|Any CPU.Build.0 = Release|Any CPU
		{FDE52ADE-BB32-4915-8C24-E174FF4AAAE8}.Release|x64.ActiveCfg = Release|Any CPU
		{FDE52ADE-BB32-4915-8C24-E174FF4AAAE8}.Release|x64.Build.0 = Release|Any CPU
		{FDE52ADE-BB32-4915-8C24-E174FF4AAAE8}.Release|x86.ActiveCfg = Release|Any CPU
		{FDE52ADE-BB32-4915-8C24-E174FF4AAAE8}.Release|x86.Build.0 = Release|Any CPU
	EndGlobalSection
	GlobalSection(SolutionProperties) = preSolution
		HideSolutionNode = FALSE
	EndGlobalSection
	GlobalSection(ExtensibilityGlobals) = postSolution
		SolutionGuid = {439897C2-CCBD-44FE-B2DC-A3E4670ADA59}
	EndGlobalSection
	GlobalSection(NestedProjects) = preSolution
		{9C03CA0E-4A3B-48F3-9DDD-DE1B325936A9} = {5D11C19B-E8E4-4CE3-9C8A-1D368578EBCB}
		{52273EAC-E0B8-4143-B37E-6E4FEB35DD67} = {5D11C19B-E8E4-4CE3-9C8A-1D368578EBCB}
		{DC125465-FC05-4A18-B275-36606B90A4FE} = {5D11C19B-E8E4-4CE3-9C8A-1D368578EBCB}
		{D395061D-AAAB-4B6A-BEC4-5B46F5FE70CD} = {5D11C19B-E8E4-4CE3-9C8A-1D368578EBCB}
		{822A83CB-0B19-4282-A724-F2F090850564} = {8FFDF555-DB50-45F9-9A2D-6410F39151C3}
		{64B30E17-4CF5-421F-814C-DF4730B508BA} = {8FFDF555-DB50-45F9-9A2D-6410F39151C3}
		{A8F0A232-3C70-4C9F-B35F-18B33D60D989} = {DF33E0FB-9790-4654-B60F-8AB22E0CC3D1}
		{75C55F46-7422-4E00-B41B-0DB5593B4641} = {DF33E0FB-9790-4654-B60F-8AB22E0CC3D1}
		{166F1873-4CAE-4F54-88B6-5FE79678846B} = {D65A8130-6A58-4693-A96C-8C1DFA3CA355}
		{8BBD24E1-DE43-414A-A0F3-5B8CC125D97F} = {8FFDF555-DB50-45F9-9A2D-6410F39151C3}
		{FD33372B-4D2E-4F22-A866-6E01C2451FA4} = {5D11C19B-E8E4-4CE3-9C8A-1D368578EBCB}
		{2A39A833-558C-4054-8CEB-9293AEA38E18} = {8FFDF555-DB50-45F9-9A2D-6410F39151C3}
		{27D44446-768E-42AC-B52A-4709F8A0647A} = {DF33E0FB-9790-4654-B60F-8AB22E0CC3D1}
		{364325D7-E7F0-4B7F-8F9F-75B1E0CF82CA} = {DF33E0FB-9790-4654-B60F-8AB22E0CC3D1}
		{EB78F90B-A60F-4588-BEA8-DF709A142495} = {8FFDF555-DB50-45F9-9A2D-6410F39151C3}
		{84429E90-AD75-46FB-9AAF-DA1D96AA5B12} = {8FFDF555-DB50-45F9-9A2D-6410F39151C3}
		{CCAE1CB9-CF4C-4D8C-8795-3E2C6054AC9B} = {8FFDF555-DB50-45F9-9A2D-6410F39151C3}
		{A7812A6A-A349-4BFA-9053-A7678F48BF91} = {8FFDF555-DB50-45F9-9A2D-6410F39151C3}
		{AE561959-1043-4154-9D48-F3F0A4ADF43E} = {8FFDF555-DB50-45F9-9A2D-6410F39151C3}
		{B8FD4723-B672-4BFA-BCF8-CDE6680DF126} = {5D11C19B-E8E4-4CE3-9C8A-1D368578EBCB}
		{D32EF7D2-593C-41FE-A99C-E4E44397999B} = {5D11C19B-E8E4-4CE3-9C8A-1D368578EBCB}
		{EE30D7E0-52FF-48B4-9E14-B298C217BFD5} = {5D11C19B-E8E4-4CE3-9C8A-1D368578EBCB}
		{ADF041FA-D8D3-4B5A-BC2D-9D8108D3B755} = {DF33E0FB-9790-4654-B60F-8AB22E0CC3D1}
		{FE95705A-B0F1-4F13-A228-7C7252049710} = {DF33E0FB-9790-4654-B60F-8AB22E0CC3D1}
		{E5CEB7E6-8994-4A79-AB20-AE9F3C6BB040} = {DF33E0FB-9790-4654-B60F-8AB22E0CC3D1}
		{F62BEC18-DF62-42F7-ACE6-133F0B1F5E9F} = {DF33E0FB-9790-4654-B60F-8AB22E0CC3D1}
		{BF7308BD-1A13-482C-B651-A81DF8467988} = {DF33E0FB-9790-4654-B60F-8AB22E0CC3D1}
		{7B5B74FF-F8AB-4690-8A57-3D8E10678D91} = {DF33E0FB-9790-4654-B60F-8AB22E0CC3D1}
		{BFB85E25-9351-43E8-B3C2-199009CE23FA} = {8FFDF555-DB50-45F9-9A2D-6410F39151C3}
		{082F2EB5-93BE-4C71-B468-8A81A45A6BD7} = {DF33E0FB-9790-4654-B60F-8AB22E0CC3D1}
		{90DD3DB0-0304-4D79-A249-09E123BBC1E4} = {8FFDF555-DB50-45F9-9A2D-6410F39151C3}
		{3DC043AE-557B-4D07-85F2-2913E446C808} = {DF33E0FB-9790-4654-B60F-8AB22E0CC3D1}
		{041A8889-1B35-4BFD-B146-9DA7CB99DAF1} = {5D11C19B-E8E4-4CE3-9C8A-1D368578EBCB}
		{7A012ECC-B3E9-4A0B-96BB-EA87DE6EECA8} = {8FFDF555-DB50-45F9-9A2D-6410F39151C3}
		{17EA0A7D-7051-4773-928A-B467C0FF6020} = {8FFDF555-DB50-45F9-9A2D-6410F39151C3}
		{EB665FF0-13EA-489A-A2B9-E8220B223A7C} = {8FFDF555-DB50-45F9-9A2D-6410F39151C3}
		{82F82514-9C91-47A7-B1A5-1D6EC59295F9} = {8FFDF555-DB50-45F9-9A2D-6410F39151C3}
		{05E51CB7-2C57-4627-B57A-032714CEB21E} = {5D11C19B-E8E4-4CE3-9C8A-1D368578EBCB}
		{AA63D4FD-68DC-4081-B521-5AD2A3DC66F5} = {8FFDF555-DB50-45F9-9A2D-6410F39151C3}
		{B3BBAC79-79EB-404E-9BE5-A2CBC447C818} = {8FFDF555-DB50-45F9-9A2D-6410F39151C3}
		{CBF9F362-9694-4BB6-930C-1C59B45E189D} = {8FFDF555-DB50-45F9-9A2D-6410F39151C3}
		{D040AD5E-620B-4AF1-92B3-FB4409C4ECFD} = {DF33E0FB-9790-4654-B60F-8AB22E0CC3D1}
		{57F109FE-5337-45FA-8A50-F4BD139B0383} = {8FFDF555-DB50-45F9-9A2D-6410F39151C3}
		{B6B3D5A8-7DC2-4D80-8704-4C30236BD0BA} = {8FFDF555-DB50-45F9-9A2D-6410F39151C3}
		{AEFC06BB-A1A4-498F-B93A-0E76D95F662A} = {5D11C19B-E8E4-4CE3-9C8A-1D368578EBCB}
		{D6A3919B-8513-4879-853B-E942FFB1757B} = {DF33E0FB-9790-4654-B60F-8AB22E0CC3D1}
		{190EE25F-ECD1-4461-A454-F10185E3A7FD} = {8FFDF555-DB50-45F9-9A2D-6410F39151C3}
		{C275559A-F759-4FC4-AAAC-11AE60B7BD45} = {8FFDF555-DB50-45F9-9A2D-6410F39151C3}
		{4AC6F683-FB5C-47E1-A6F6-3E56DCB54600} = {8FFDF555-DB50-45F9-9A2D-6410F39151C3}
		{32465135-7CBB-4109-8D06-3A2B9F36ABF0} = {8FFDF555-DB50-45F9-9A2D-6410F39151C3}
		{FDE52ADE-BB32-4915-8C24-E174FF4AAAE8} = {8FFDF555-DB50-45F9-9A2D-6410F39151C3}
	EndGlobalSection
EndGlobal
